// !$*UTF8*$!
{
	archiveVersion = 1;
	classes = {
	};
	objectVersion = 46;
	objects = {

/* Begin PBXAggregateTarget section */
		E73C69E41B010EB1002E2274 /* Framework */ = {
			isa = PBXAggregateTarget;
			buildConfigurationList = E73C69E51B010EB1002E2274 /* Build configuration list for PBXAggregateTarget "Framework" */;
			buildPhases = (
				E73C69E81B010EB6002E2274 /* ShellScript */,
			);
			dependencies = (
				E73C69EA1B010FD9002E2274 /* PBXTargetDependency */,
			);
			name = Framework;
			productName = Framework;
		};
/* End PBXAggregateTarget section */

/* Begin PBXBuildFile section */
		3722757D1AFEA1840038DDDD /* libTEALAudienceStream.a in Frameworks */ = {isa = PBXBuildFile; fileRef = 372275711AFEA1840038DDDD /* libTEALAudienceStream.a */; };
		37570CCE1B02A6100017B07E /* TEALAudienceStreamDispatchManager.m in Sources */ = {isa = PBXBuildFile; fileRef = E73C69721B0106EA002E2274 /* TEALAudienceStreamDispatchManager.m */; };
		37570CCF1B02A6100017B07E /* TEALProfileAttribute.m in Sources */ = {isa = PBXBuildFile; fileRef = E73C69821B0106EA002E2274 /* TEALProfileAttribute.m */; };
		37570CD01B02A6100017B07E /* TEALDatasourceStore+TEALAudienceStreamAdditions.m in Sources */ = {isa = PBXBuildFile; fileRef = E73C696F1B0106EA002E2274 /* TEALDatasourceStore+TEALAudienceStreamAdditions.m */; };
		37570CD11B02A6100017B07E /* TEALAudienceStream.m in Sources */ = {isa = PBXBuildFile; fileRef = E73C699D1B0106EA002E2274 /* TEALAudienceStream.m */; };
		37570CD21B02A6100017B07E /* TEALProfileCurrentVisit.m in Sources */ = {isa = PBXBuildFile; fileRef = E73C69841B0106EA002E2274 /* TEALProfileCurrentVisit.m */; };
		37570CD31B02A6100017B07E /* TEALEvent.m in Sources */ = {isa = PBXBuildFile; fileRef = E73C69741B0106EA002E2274 /* TEALEvent.m */; };
		37570CD41B02A6100017B07E /* TEALOperationManager.m in Sources */ = {isa = PBXBuildFile; fileRef = E73C69971B0106EA002E2274 /* TEALOperationManager.m */; };
		37570CD51B02A6100017B07E /* TEALAudienceStreamAPIHelpers.m in Sources */ = {isa = PBXBuildFile; fileRef = E73C69771B0106EA002E2274 /* TEALAudienceStreamAPIHelpers.m */; };
		37570CD61B02A6100017B07E /* TEALLogger.m in Sources */ = {isa = PBXBuildFile; fileRef = E73C69951B0106EA002E2274 /* TEALLogger.m */; };
		37570CD71B02A6100017B07E /* TEALError.m in Sources */ = {isa = PBXBuildFile; fileRef = E73C69931B0106EA002E2274 /* TEALError.m */; };
		37570CD81B02A6100017B07E /* TEALAudienceStreamConfiguration.m in Sources */ = {isa = PBXBuildFile; fileRef = E73C699F1B0106EA002E2274 /* TEALAudienceStreamConfiguration.m */; };
		37570CD91B02A6100017B07E /* TEALNetworkHelpers.m in Sources */ = {isa = PBXBuildFile; fileRef = E73C69791B0106EA002E2274 /* TEALNetworkHelpers.m */; };
		37570CDA1B02A6100017B07E /* TEALURLSessionManager.m in Sources */ = {isa = PBXBuildFile; fileRef = E73C697B1B0106EA002E2274 /* TEALURLSessionManager.m */; };
		37570CDB1B02A6100017B07E /* TEALSettingsStore.m in Sources */ = {isa = PBXBuildFile; fileRef = E73C698E1B0106EA002E2274 /* TEALSettingsStore.m */; };
		37570CDC1B02A6100017B07E /* TEALAudienceStreamDatasources.m in Sources */ = {isa = PBXBuildFile; fileRef = E73C696D1B0106EA002E2274 /* TEALAudienceStreamDatasources.m */; };
		37570CDD1B02A6100017B07E /* TEALActionQueueManager.m in Sources */ = {isa = PBXBuildFile; fileRef = E73C69911B0106EA002E2274 /* TEALActionQueueManager.m */; };
		37570CDE1B02A6100017B07E /* TEALSettings.m in Sources */ = {isa = PBXBuildFile; fileRef = E73C698C1B0106EA002E2274 /* TEALSettings.m */; };
		37570CDF1B02A6100017B07E /* TEALSystemHelpers.m in Sources */ = {isa = PBXBuildFile; fileRef = E73C69991B0106EA002E2274 /* TEALSystemHelpers.m */; };
		37570CE01B02A6100017B07E /* TEALProfileStore.m in Sources */ = {isa = PBXBuildFile; fileRef = E73C69891B0106EA002E2274 /* TEALProfileStore.m */; };
		37570CE11B02A6100017B07E /* TEALProfileHelpers.m in Sources */ = {isa = PBXBuildFile; fileRef = E73C69871B0106EA002E2274 /* TEALProfileHelpers.m */; };
		37570CE21B02A6100017B07E /* TEALProfile.m in Sources */ = {isa = PBXBuildFile; fileRef = E73C69801B0106EA002E2274 /* TEALProfile.m */; };
		37570CE41B02A6100017B07E /* TealiumUtilities.framework in Frameworks */ = {isa = PBXBuildFile; fileRef = E73C68761B01052A002E2274 /* TealiumUtilities.framework */; };
		37570CE71B02A6100017B07E /* TEALProfile.h in Headers */ = {isa = PBXBuildFile; fileRef = E73C697F1B0106EA002E2274 /* TEALProfile.h */; settings = {ATTRIBUTES = (Public, ); }; };
		37570CE81B02A6100017B07E /* TEALAudienceStream.h in Headers */ = {isa = PBXBuildFile; fileRef = E73C699C1B0106EA002E2274 /* TEALAudienceStream.h */; settings = {ATTRIBUTES = (Public, ); }; };
		37570CE91B02A6100017B07E /* TEALAudienceStreamConfiguration.h in Headers */ = {isa = PBXBuildFile; fileRef = E73C699E1B0106EA002E2274 /* TEALAudienceStreamConfiguration.h */; settings = {ATTRIBUTES = (Public, ); }; };
		37570CEA1B02A6100017B07E /* TEALEvent.h in Headers */ = {isa = PBXBuildFile; fileRef = E73C69731B0106EA002E2274 /* TEALEvent.h */; settings = {ATTRIBUTES = (Public, ); }; };
		37570CEB1B02A6100017B07E /* TEALProfileCurrentVisit.h in Headers */ = {isa = PBXBuildFile; fileRef = E73C69831B0106EA002E2274 /* TEALProfileCurrentVisit.h */; settings = {ATTRIBUTES = (Public, ); }; };
		37570CEC1B02A6100017B07E /* TEALProfileAttribute.h in Headers */ = {isa = PBXBuildFile; fileRef = E73C69811B0106EA002E2274 /* TEALProfileAttribute.h */; settings = {ATTRIBUTES = (Public, ); }; };
		37570CED1B02A6100017B07E /* TEALError.h in Headers */ = {isa = PBXBuildFile; fileRef = E73C69921B0106EA002E2274 /* TEALError.h */; settings = {ATTRIBUTES = (Public, ); }; };
		37570CEE1B02A6100017B07E /* TEALAudienceStreamDispatchManager.h in Headers */ = {isa = PBXBuildFile; fileRef = E73C69711B0106EA002E2274 /* TEALAudienceStreamDispatchManager.h */; settings = {ATTRIBUTES = (Public, ); }; };
		37570CEF1B02A6100017B07E /* TEALLogger.h in Headers */ = {isa = PBXBuildFile; fileRef = E73C69941B0106EA002E2274 /* TEALLogger.h */; settings = {ATTRIBUTES = (Public, ); }; };
		37570CF01B02A6100017B07E /* TEALURLSessionManager.h in Headers */ = {isa = PBXBuildFile; fileRef = E73C697A1B0106EA002E2274 /* TEALURLSessionManager.h */; settings = {ATTRIBUTES = (Public, ); }; };
		37570CF11B02A6100017B07E /* TEALOperationManager.h in Headers */ = {isa = PBXBuildFile; fileRef = E73C69961B0106EA002E2274 /* TEALOperationManager.h */; settings = {ATTRIBUTES = (Public, ); }; };
		37570CF21B02A6100017B07E /* TEALProfileStore.h in Headers */ = {isa = PBXBuildFile; fileRef = E73C69881B0106EA002E2274 /* TEALProfileStore.h */; settings = {ATTRIBUTES = (Public, ); }; };
		37570CF31B02A6100017B07E /* TEALAudienceStreamDatasources.h in Headers */ = {isa = PBXBuildFile; fileRef = E73C696C1B0106EA002E2274 /* TEALAudienceStreamDatasources.h */; settings = {ATTRIBUTES = (Public, ); }; };
		37570CF41B02A6100017B07E /* TEALSystemProtocols.h in Headers */ = {isa = PBXBuildFile; fileRef = E73C699A1B0106EA002E2274 /* TEALSystemProtocols.h */; settings = {ATTRIBUTES = (Public, ); }; };
		37570CF51B02A6100017B07E /* TEALAudienceSteam-Bridging-Header.h in Headers */ = {isa = PBXBuildFile; fileRef = E73C699B1B0106EA002E2274 /* TEALAudienceSteam-Bridging-Header.h */; settings = {ATTRIBUTES = (Public, ); }; };
		37570CF61B02A6100017B07E /* TEALSystemHelpers.h in Headers */ = {isa = PBXBuildFile; fileRef = E73C69981B0106EA002E2274 /* TEALSystemHelpers.h */; settings = {ATTRIBUTES = (Public, ); }; };
		37570CF71B02A6100017B07E /* TEALProfileDelegate.h in Headers */ = {isa = PBXBuildFile; fileRef = E73C69851B0106EA002E2274 /* TEALProfileDelegate.h */; settings = {ATTRIBUTES = (Public, ); }; };
		37570CF81B02A6100017B07E /* TEALNetworkHelpers.h in Headers */ = {isa = PBXBuildFile; fileRef = E73C69781B0106EA002E2274 /* TEALNetworkHelpers.h */; settings = {ATTRIBUTES = (Public, ); }; };
		37570CF91B02A6100017B07E /* TEALAudienceStreamAPIHelpers.h in Headers */ = {isa = PBXBuildFile; fileRef = E73C69761B0106EA002E2274 /* TEALAudienceStreamAPIHelpers.h */; settings = {ATTRIBUTES = (Public, ); }; };
		37570CFA1B02A6100017B07E /* TEALSettings.h in Headers */ = {isa = PBXBuildFile; fileRef = E73C698B1B0106EA002E2274 /* TEALSettings.h */; settings = {ATTRIBUTES = (Public, ); }; };
		37570CFB1B02A6100017B07E /* TEALProfileHelpers.h in Headers */ = {isa = PBXBuildFile; fileRef = E73C69861B0106EA002E2274 /* TEALProfileHelpers.h */; settings = {ATTRIBUTES = (Public, ); }; };
		37570CFC1B02A6100017B07E /* TEALDatasourceStore+TEALAudienceStreamAdditions.h in Headers */ = {isa = PBXBuildFile; fileRef = E73C696E1B0106EA002E2274 /* TEALDatasourceStore+TEALAudienceStreamAdditions.h */; settings = {ATTRIBUTES = (Public, ); }; };
		37570CFD1B02A6100017B07E /* TEALSettingsStore.h in Headers */ = {isa = PBXBuildFile; fileRef = E73C698D1B0106EA002E2274 /* TEALSettingsStore.h */; settings = {ATTRIBUTES = (Public, ); }; };
		37570CFE1B02A6100017B07E /* TEALProfile+PrivateHeader.h in Headers */ = {isa = PBXBuildFile; fileRef = E73C697E1B0106EA002E2274 /* TEALProfile+PrivateHeader.h */; settings = {ATTRIBUTES = (Public, ); }; };
		37570CFF1B02A6100017B07E /* TEALActionQueueManager.h in Headers */ = {isa = PBXBuildFile; fileRef = E73C69901B0106EA002E2274 /* TEALActionQueueManager.h */; settings = {ATTRIBUTES = (Public, ); }; };
		E73C68771B01052A002E2274 /* TealiumUtilities.framework in Frameworks */ = {isa = PBXBuildFile; fileRef = E73C68761B01052A002E2274 /* TealiumUtilities.framework */; };
		E73C68781B010547002E2274 /* TealiumUtilities.framework in Frameworks */ = {isa = PBXBuildFile; fileRef = E73C68761B01052A002E2274 /* TealiumUtilities.framework */; };
		E73C69A01B0106EA002E2274 /* TEALAudienceStreamDatasources.h in Headers */ = {isa = PBXBuildFile; fileRef = E73C696C1B0106EA002E2274 /* TEALAudienceStreamDatasources.h */; };
		E73C69A11B0106EA002E2274 /* TEALAudienceStreamDatasources.m in Sources */ = {isa = PBXBuildFile; fileRef = E73C696D1B0106EA002E2274 /* TEALAudienceStreamDatasources.m */; };
		E73C69A21B0106EA002E2274 /* TEALAudienceStreamDatasources.m in Sources */ = {isa = PBXBuildFile; fileRef = E73C696D1B0106EA002E2274 /* TEALAudienceStreamDatasources.m */; };
		E73C69A31B0106EA002E2274 /* TEALDatasourceStore+TEALAudienceStreamAdditions.h in Headers */ = {isa = PBXBuildFile; fileRef = E73C696E1B0106EA002E2274 /* TEALDatasourceStore+TEALAudienceStreamAdditions.h */; };
		E73C69A41B0106EA002E2274 /* TEALDatasourceStore+TEALAudienceStreamAdditions.m in Sources */ = {isa = PBXBuildFile; fileRef = E73C696F1B0106EA002E2274 /* TEALDatasourceStore+TEALAudienceStreamAdditions.m */; };
		E73C69A51B0106EA002E2274 /* TEALDatasourceStore+TEALAudienceStreamAdditions.m in Sources */ = {isa = PBXBuildFile; fileRef = E73C696F1B0106EA002E2274 /* TEALDatasourceStore+TEALAudienceStreamAdditions.m */; };
		E73C69A61B0106EA002E2274 /* TEALAudienceStreamDispatchManager.h in Headers */ = {isa = PBXBuildFile; fileRef = E73C69711B0106EA002E2274 /* TEALAudienceStreamDispatchManager.h */; };
		E73C69A71B0106EA002E2274 /* TEALAudienceStreamDispatchManager.m in Sources */ = {isa = PBXBuildFile; fileRef = E73C69721B0106EA002E2274 /* TEALAudienceStreamDispatchManager.m */; };
		E73C69A81B0106EA002E2274 /* TEALAudienceStreamDispatchManager.m in Sources */ = {isa = PBXBuildFile; fileRef = E73C69721B0106EA002E2274 /* TEALAudienceStreamDispatchManager.m */; };
		E73C69A91B0106EA002E2274 /* TEALEvent.h in Headers */ = {isa = PBXBuildFile; fileRef = E73C69731B0106EA002E2274 /* TEALEvent.h */; settings = {ATTRIBUTES = (Public, ); }; };
		E73C69AA1B0106EA002E2274 /* TEALEvent.m in Sources */ = {isa = PBXBuildFile; fileRef = E73C69741B0106EA002E2274 /* TEALEvent.m */; };
		E73C69AB1B0106EA002E2274 /* TEALEvent.m in Sources */ = {isa = PBXBuildFile; fileRef = E73C69741B0106EA002E2274 /* TEALEvent.m */; };
		E73C69AC1B0106EA002E2274 /* TEALAudienceStreamAPIHelpers.h in Headers */ = {isa = PBXBuildFile; fileRef = E73C69761B0106EA002E2274 /* TEALAudienceStreamAPIHelpers.h */; };
		E73C69AD1B0106EA002E2274 /* TEALAudienceStreamAPIHelpers.m in Sources */ = {isa = PBXBuildFile; fileRef = E73C69771B0106EA002E2274 /* TEALAudienceStreamAPIHelpers.m */; };
		E73C69AE1B0106EA002E2274 /* TEALAudienceStreamAPIHelpers.m in Sources */ = {isa = PBXBuildFile; fileRef = E73C69771B0106EA002E2274 /* TEALAudienceStreamAPIHelpers.m */; };
		E73C69AF1B0106EA002E2274 /* TEALNetworkHelpers.h in Headers */ = {isa = PBXBuildFile; fileRef = E73C69781B0106EA002E2274 /* TEALNetworkHelpers.h */; };
		E73C69B01B0106EA002E2274 /* TEALNetworkHelpers.m in Sources */ = {isa = PBXBuildFile; fileRef = E73C69791B0106EA002E2274 /* TEALNetworkHelpers.m */; };
		E73C69B11B0106EA002E2274 /* TEALNetworkHelpers.m in Sources */ = {isa = PBXBuildFile; fileRef = E73C69791B0106EA002E2274 /* TEALNetworkHelpers.m */; };
		E73C69B21B0106EA002E2274 /* TEALURLSessionManager.h in Headers */ = {isa = PBXBuildFile; fileRef = E73C697A1B0106EA002E2274 /* TEALURLSessionManager.h */; };
		E73C69B31B0106EA002E2274 /* TEALURLSessionManager.m in Sources */ = {isa = PBXBuildFile; fileRef = E73C697B1B0106EA002E2274 /* TEALURLSessionManager.m */; };
		E73C69B41B0106EA002E2274 /* TEALURLSessionManager.m in Sources */ = {isa = PBXBuildFile; fileRef = E73C697B1B0106EA002E2274 /* TEALURLSessionManager.m */; };
		E73C69B51B0106EA002E2274 /* TEALProfile+PrivateHeader.h in Headers */ = {isa = PBXBuildFile; fileRef = E73C697E1B0106EA002E2274 /* TEALProfile+PrivateHeader.h */; };
		E73C69B61B0106EA002E2274 /* TEALProfile.h in Headers */ = {isa = PBXBuildFile; fileRef = E73C697F1B0106EA002E2274 /* TEALProfile.h */; settings = {ATTRIBUTES = (Public, ); }; };
		E73C69B71B0106EA002E2274 /* TEALProfile.m in Sources */ = {isa = PBXBuildFile; fileRef = E73C69801B0106EA002E2274 /* TEALProfile.m */; };
		E73C69B81B0106EA002E2274 /* TEALProfile.m in Sources */ = {isa = PBXBuildFile; fileRef = E73C69801B0106EA002E2274 /* TEALProfile.m */; };
		E73C69B91B0106EA002E2274 /* TEALProfileAttribute.h in Headers */ = {isa = PBXBuildFile; fileRef = E73C69811B0106EA002E2274 /* TEALProfileAttribute.h */; settings = {ATTRIBUTES = (Public, ); }; };
		E73C69BA1B0106EA002E2274 /* TEALProfileAttribute.m in Sources */ = {isa = PBXBuildFile; fileRef = E73C69821B0106EA002E2274 /* TEALProfileAttribute.m */; };
		E73C69BB1B0106EA002E2274 /* TEALProfileAttribute.m in Sources */ = {isa = PBXBuildFile; fileRef = E73C69821B0106EA002E2274 /* TEALProfileAttribute.m */; };
		E73C69BC1B0106EA002E2274 /* TEALProfileCurrentVisit.h in Headers */ = {isa = PBXBuildFile; fileRef = E73C69831B0106EA002E2274 /* TEALProfileCurrentVisit.h */; settings = {ATTRIBUTES = (Public, ); }; };
		E73C69BD1B0106EA002E2274 /* TEALProfileCurrentVisit.m in Sources */ = {isa = PBXBuildFile; fileRef = E73C69841B0106EA002E2274 /* TEALProfileCurrentVisit.m */; };
		E73C69BE1B0106EA002E2274 /* TEALProfileCurrentVisit.m in Sources */ = {isa = PBXBuildFile; fileRef = E73C69841B0106EA002E2274 /* TEALProfileCurrentVisit.m */; };
		E73C69BF1B0106EA002E2274 /* TEALProfileDelegate.h in Headers */ = {isa = PBXBuildFile; fileRef = E73C69851B0106EA002E2274 /* TEALProfileDelegate.h */; };
		E73C69C01B0106EA002E2274 /* TEALProfileHelpers.h in Headers */ = {isa = PBXBuildFile; fileRef = E73C69861B0106EA002E2274 /* TEALProfileHelpers.h */; };
		E73C69C11B0106EB002E2274 /* TEALProfileHelpers.m in Sources */ = {isa = PBXBuildFile; fileRef = E73C69871B0106EA002E2274 /* TEALProfileHelpers.m */; };
		E73C69C21B0106EB002E2274 /* TEALProfileHelpers.m in Sources */ = {isa = PBXBuildFile; fileRef = E73C69871B0106EA002E2274 /* TEALProfileHelpers.m */; };
		E73C69C31B0106EB002E2274 /* TEALProfileStore.h in Headers */ = {isa = PBXBuildFile; fileRef = E73C69881B0106EA002E2274 /* TEALProfileStore.h */; };
		E73C69C41B0106EB002E2274 /* TEALProfileStore.m in Sources */ = {isa = PBXBuildFile; fileRef = E73C69891B0106EA002E2274 /* TEALProfileStore.m */; };
		E73C69C51B0106EB002E2274 /* TEALProfileStore.m in Sources */ = {isa = PBXBuildFile; fileRef = E73C69891B0106EA002E2274 /* TEALProfileStore.m */; };
		E73C69C61B0106EB002E2274 /* TEALSettings.h in Headers */ = {isa = PBXBuildFile; fileRef = E73C698B1B0106EA002E2274 /* TEALSettings.h */; };
		E73C69C71B0106EB002E2274 /* TEALSettings.m in Sources */ = {isa = PBXBuildFile; fileRef = E73C698C1B0106EA002E2274 /* TEALSettings.m */; };
		E73C69C81B0106EB002E2274 /* TEALSettings.m in Sources */ = {isa = PBXBuildFile; fileRef = E73C698C1B0106EA002E2274 /* TEALSettings.m */; };
		E73C69C91B0106EB002E2274 /* TEALSettingsStore.h in Headers */ = {isa = PBXBuildFile; fileRef = E73C698D1B0106EA002E2274 /* TEALSettingsStore.h */; };
		E73C69CA1B0106EB002E2274 /* TEALSettingsStore.m in Sources */ = {isa = PBXBuildFile; fileRef = E73C698E1B0106EA002E2274 /* TEALSettingsStore.m */; };
		E73C69CB1B0106EB002E2274 /* TEALSettingsStore.m in Sources */ = {isa = PBXBuildFile; fileRef = E73C698E1B0106EA002E2274 /* TEALSettingsStore.m */; };
		E73C69CC1B0106EB002E2274 /* TEALActionQueueManager.h in Headers */ = {isa = PBXBuildFile; fileRef = E73C69901B0106EA002E2274 /* TEALActionQueueManager.h */; };
		E73C69CD1B0106EB002E2274 /* TEALActionQueueManager.m in Sources */ = {isa = PBXBuildFile; fileRef = E73C69911B0106EA002E2274 /* TEALActionQueueManager.m */; };
		E73C69CE1B0106EB002E2274 /* TEALActionQueueManager.m in Sources */ = {isa = PBXBuildFile; fileRef = E73C69911B0106EA002E2274 /* TEALActionQueueManager.m */; };
		E73C69CF1B0106EB002E2274 /* TEALError.h in Headers */ = {isa = PBXBuildFile; fileRef = E73C69921B0106EA002E2274 /* TEALError.h */; };
		E73C69D01B0106EB002E2274 /* TEALError.m in Sources */ = {isa = PBXBuildFile; fileRef = E73C69931B0106EA002E2274 /* TEALError.m */; };
		E73C69D11B0106EB002E2274 /* TEALError.m in Sources */ = {isa = PBXBuildFile; fileRef = E73C69931B0106EA002E2274 /* TEALError.m */; };
		E73C69D21B0106EB002E2274 /* TEALLogger.h in Headers */ = {isa = PBXBuildFile; fileRef = E73C69941B0106EA002E2274 /* TEALLogger.h */; };
		E73C69D31B0106EB002E2274 /* TEALLogger.m in Sources */ = {isa = PBXBuildFile; fileRef = E73C69951B0106EA002E2274 /* TEALLogger.m */; };
		E73C69D41B0106EB002E2274 /* TEALLogger.m in Sources */ = {isa = PBXBuildFile; fileRef = E73C69951B0106EA002E2274 /* TEALLogger.m */; };
		E73C69D51B0106EB002E2274 /* TEALOperationManager.h in Headers */ = {isa = PBXBuildFile; fileRef = E73C69961B0106EA002E2274 /* TEALOperationManager.h */; };
		E73C69D61B0106EB002E2274 /* TEALOperationManager.m in Sources */ = {isa = PBXBuildFile; fileRef = E73C69971B0106EA002E2274 /* TEALOperationManager.m */; };
		E73C69D71B0106EB002E2274 /* TEALOperationManager.m in Sources */ = {isa = PBXBuildFile; fileRef = E73C69971B0106EA002E2274 /* TEALOperationManager.m */; };
		E73C69D81B0106EB002E2274 /* TEALSystemHelpers.h in Headers */ = {isa = PBXBuildFile; fileRef = E73C69981B0106EA002E2274 /* TEALSystemHelpers.h */; };
		E73C69D91B0106EB002E2274 /* TEALSystemHelpers.m in Sources */ = {isa = PBXBuildFile; fileRef = E73C69991B0106EA002E2274 /* TEALSystemHelpers.m */; };
		E73C69DA1B0106EB002E2274 /* TEALSystemHelpers.m in Sources */ = {isa = PBXBuildFile; fileRef = E73C69991B0106EA002E2274 /* TEALSystemHelpers.m */; };
		E73C69DB1B0106EB002E2274 /* TEALSystemProtocols.h in Headers */ = {isa = PBXBuildFile; fileRef = E73C699A1B0106EA002E2274 /* TEALSystemProtocols.h */; };
		E73C69DC1B0106EB002E2274 /* TEALAudienceSteam-Bridging-Header.h in Headers */ = {isa = PBXBuildFile; fileRef = E73C699B1B0106EA002E2274 /* TEALAudienceSteam-Bridging-Header.h */; };
		E73C69DD1B0106EB002E2274 /* TEALAudienceStream.h in Headers */ = {isa = PBXBuildFile; fileRef = E73C699C1B0106EA002E2274 /* TEALAudienceStream.h */; settings = {ATTRIBUTES = (Public, ); }; };
		E73C69DE1B0106EB002E2274 /* TEALAudienceStream.m in Sources */ = {isa = PBXBuildFile; fileRef = E73C699D1B0106EA002E2274 /* TEALAudienceStream.m */; };
		E73C69DF1B0106EC002E2274 /* TEALAudienceStream.m in Sources */ = {isa = PBXBuildFile; fileRef = E73C699D1B0106EA002E2274 /* TEALAudienceStream.m */; };
		E73C69E01B0106EC002E2274 /* TEALAudienceStreamConfiguration.h in Headers */ = {isa = PBXBuildFile; fileRef = E73C699E1B0106EA002E2274 /* TEALAudienceStreamConfiguration.h */; settings = {ATTRIBUTES = (Public, ); }; };
		E73C69E11B0106EC002E2274 /* TEALAudienceStreamConfiguration.m in Sources */ = {isa = PBXBuildFile; fileRef = E73C699F1B0106EA002E2274 /* TEALAudienceStreamConfiguration.m */; };
		E73C69E21B0106EC002E2274 /* TEALAudienceStreamConfiguration.m in Sources */ = {isa = PBXBuildFile; fileRef = E73C699F1B0106EA002E2274 /* TEALAudienceStreamConfiguration.m */; };
/* End PBXBuildFile section */

/* Begin PBXContainerItemProxy section */
		3722757E1AFEA1840038DDDD /* PBXContainerItemProxy */ = {
			isa = PBXContainerItemProxy;
			containerPortal = 372275691AFEA1840038DDDD /* Project object */;
			proxyType = 1;
			remoteGlobalIDString = 372275701AFEA1840038DDDD;
			remoteInfo = TEALAudienceStream;
		};
		E73C69E91B010FD9002E2274 /* PBXContainerItemProxy */ = {
			isa = PBXContainerItemProxy;
			containerPortal = 372275691AFEA1840038DDDD /* Project object */;
			proxyType = 1;
			remoteGlobalIDString = 372275701AFEA1840038DDDD;
			remoteInfo = TEALAudienceStream;
		};
/* End PBXContainerItemProxy section */

/* Begin PBXCopyFilesBuildPhase section */
		3722756F1AFEA1840038DDDD /* CopyFiles */ = {
			isa = PBXCopyFilesBuildPhase;
			buildActionMask = 2147483647;
			dstPath = "include/$(PRODUCT_NAME)";
			dstSubfolderSpec = 16;
			files = (
			);
			runOnlyForDeploymentPostprocessing = 0;
		};
		37570CE51B02A6100017B07E /* CopyFiles */ = {
			isa = PBXCopyFilesBuildPhase;
			buildActionMask = 2147483647;
			dstPath = "include/$(PRODUCT_NAME)";
			dstSubfolderSpec = 16;
			files = (
			);
			runOnlyForDeploymentPostprocessing = 0;
		};
/* End PBXCopyFilesBuildPhase section */

/* Begin PBXFileReference section */
		372275711AFEA1840038DDDD /* libTEALAudienceStream.a */ = {isa = PBXFileReference; explicitFileType = archive.ar; includeInIndex = 0; path = libTEALAudienceStream.a; sourceTree = BUILT_PRODUCTS_DIR; };
		3722757C1AFEA1840038DDDD /* TEALAudienceStreamTests.xctest */ = {isa = PBXFileReference; explicitFileType = wrapper.cfbundle; includeInIndex = 0; path = TEALAudienceStreamTests.xctest; sourceTree = BUILT_PRODUCTS_DIR; };
		372275821AFEA1840038DDDD /* Info.plist */ = {isa = PBXFileReference; lastKnownFileType = text.plist.xml; path = Info.plist; sourceTree = "<group>"; };
		37570D041B02A6100017B07E /* libTEALAudienceStream-Tests.a */ = {isa = PBXFileReference; explicitFileType = archive.ar; includeInIndex = 0; path = "libTEALAudienceStream-Tests.a"; sourceTree = BUILT_PRODUCTS_DIR; };
		E73C68761B01052A002E2274 /* TealiumUtilities.framework */ = {isa = PBXFileReference; lastKnownFileType = wrapper.framework; name = TealiumUtilities.framework; path = ../Release/TealiumUtilities.framework; sourceTree = "<group>"; };
		E73C696C1B0106EA002E2274 /* TEALAudienceStreamDatasources.h */ = {isa = PBXFileReference; fileEncoding = 4; lastKnownFileType = sourcecode.c.h; path = TEALAudienceStreamDatasources.h; sourceTree = "<group>"; };
		E73C696D1B0106EA002E2274 /* TEALAudienceStreamDatasources.m */ = {isa = PBXFileReference; fileEncoding = 4; lastKnownFileType = sourcecode.c.objc; path = TEALAudienceStreamDatasources.m; sourceTree = "<group>"; };
		E73C696E1B0106EA002E2274 /* TEALDatasourceStore+TEALAudienceStreamAdditions.h */ = {isa = PBXFileReference; fileEncoding = 4; lastKnownFileType = sourcecode.c.h; path = "TEALDatasourceStore+TEALAudienceStreamAdditions.h"; sourceTree = "<group>"; };
		E73C696F1B0106EA002E2274 /* TEALDatasourceStore+TEALAudienceStreamAdditions.m */ = {isa = PBXFileReference; fileEncoding = 4; lastKnownFileType = sourcecode.c.objc; path = "TEALDatasourceStore+TEALAudienceStreamAdditions.m"; sourceTree = "<group>"; };
		E73C69711B0106EA002E2274 /* TEALAudienceStreamDispatchManager.h */ = {isa = PBXFileReference; fileEncoding = 4; lastKnownFileType = sourcecode.c.h; path = TEALAudienceStreamDispatchManager.h; sourceTree = "<group>"; };
		E73C69721B0106EA002E2274 /* TEALAudienceStreamDispatchManager.m */ = {isa = PBXFileReference; fileEncoding = 4; lastKnownFileType = sourcecode.c.objc; path = TEALAudienceStreamDispatchManager.m; sourceTree = "<group>"; };
		E73C69731B0106EA002E2274 /* TEALEvent.h */ = {isa = PBXFileReference; fileEncoding = 4; lastKnownFileType = sourcecode.c.h; path = TEALEvent.h; sourceTree = "<group>"; };
		E73C69741B0106EA002E2274 /* TEALEvent.m */ = {isa = PBXFileReference; fileEncoding = 4; lastKnownFileType = sourcecode.c.objc; path = TEALEvent.m; sourceTree = "<group>"; };
		E73C69761B0106EA002E2274 /* TEALAudienceStreamAPIHelpers.h */ = {isa = PBXFileReference; fileEncoding = 4; lastKnownFileType = sourcecode.c.h; path = TEALAudienceStreamAPIHelpers.h; sourceTree = "<group>"; };
		E73C69771B0106EA002E2274 /* TEALAudienceStreamAPIHelpers.m */ = {isa = PBXFileReference; fileEncoding = 4; lastKnownFileType = sourcecode.c.objc; path = TEALAudienceStreamAPIHelpers.m; sourceTree = "<group>"; };
		E73C69781B0106EA002E2274 /* TEALNetworkHelpers.h */ = {isa = PBXFileReference; fileEncoding = 4; lastKnownFileType = sourcecode.c.h; path = TEALNetworkHelpers.h; sourceTree = "<group>"; };
		E73C69791B0106EA002E2274 /* TEALNetworkHelpers.m */ = {isa = PBXFileReference; fileEncoding = 4; lastKnownFileType = sourcecode.c.objc; path = TEALNetworkHelpers.m; sourceTree = "<group>"; };
		E73C697A1B0106EA002E2274 /* TEALURLSessionManager.h */ = {isa = PBXFileReference; fileEncoding = 4; lastKnownFileType = sourcecode.c.h; path = TEALURLSessionManager.h; sourceTree = "<group>"; };
		E73C697B1B0106EA002E2274 /* TEALURLSessionManager.m */ = {isa = PBXFileReference; fileEncoding = 4; lastKnownFileType = sourcecode.c.objc; path = TEALURLSessionManager.m; sourceTree = "<group>"; };
		E73C697E1B0106EA002E2274 /* TEALProfile+PrivateHeader.h */ = {isa = PBXFileReference; fileEncoding = 4; lastKnownFileType = sourcecode.c.h; path = "TEALProfile+PrivateHeader.h"; sourceTree = "<group>"; };
		E73C697F1B0106EA002E2274 /* TEALProfile.h */ = {isa = PBXFileReference; fileEncoding = 4; lastKnownFileType = sourcecode.c.h; path = TEALProfile.h; sourceTree = "<group>"; };
		E73C69801B0106EA002E2274 /* TEALProfile.m */ = {isa = PBXFileReference; fileEncoding = 4; lastKnownFileType = sourcecode.c.objc; path = TEALProfile.m; sourceTree = "<group>"; };
		E73C69811B0106EA002E2274 /* TEALProfileAttribute.h */ = {isa = PBXFileReference; fileEncoding = 4; lastKnownFileType = sourcecode.c.h; path = TEALProfileAttribute.h; sourceTree = "<group>"; };
		E73C69821B0106EA002E2274 /* TEALProfileAttribute.m */ = {isa = PBXFileReference; fileEncoding = 4; lastKnownFileType = sourcecode.c.objc; path = TEALProfileAttribute.m; sourceTree = "<group>"; };
		E73C69831B0106EA002E2274 /* TEALProfileCurrentVisit.h */ = {isa = PBXFileReference; fileEncoding = 4; lastKnownFileType = sourcecode.c.h; path = TEALProfileCurrentVisit.h; sourceTree = "<group>"; };
		E73C69841B0106EA002E2274 /* TEALProfileCurrentVisit.m */ = {isa = PBXFileReference; fileEncoding = 4; lastKnownFileType = sourcecode.c.objc; path = TEALProfileCurrentVisit.m; sourceTree = "<group>"; };
		E73C69851B0106EA002E2274 /* TEALProfileDelegate.h */ = {isa = PBXFileReference; fileEncoding = 4; lastKnownFileType = sourcecode.c.h; path = TEALProfileDelegate.h; sourceTree = "<group>"; };
		E73C69861B0106EA002E2274 /* TEALProfileHelpers.h */ = {isa = PBXFileReference; fileEncoding = 4; lastKnownFileType = sourcecode.c.h; path = TEALProfileHelpers.h; sourceTree = "<group>"; };
		E73C69871B0106EA002E2274 /* TEALProfileHelpers.m */ = {isa = PBXFileReference; fileEncoding = 4; lastKnownFileType = sourcecode.c.objc; path = TEALProfileHelpers.m; sourceTree = "<group>"; };
		E73C69881B0106EA002E2274 /* TEALProfileStore.h */ = {isa = PBXFileReference; fileEncoding = 4; lastKnownFileType = sourcecode.c.h; path = TEALProfileStore.h; sourceTree = "<group>"; };
		E73C69891B0106EA002E2274 /* TEALProfileStore.m */ = {isa = PBXFileReference; fileEncoding = 4; lastKnownFileType = sourcecode.c.objc; path = TEALProfileStore.m; sourceTree = "<group>"; };
		E73C698B1B0106EA002E2274 /* TEALSettings.h */ = {isa = PBXFileReference; fileEncoding = 4; lastKnownFileType = sourcecode.c.h; path = TEALSettings.h; sourceTree = "<group>"; };
		E73C698C1B0106EA002E2274 /* TEALSettings.m */ = {isa = PBXFileReference; fileEncoding = 4; lastKnownFileType = sourcecode.c.objc; path = TEALSettings.m; sourceTree = "<group>"; };
		E73C698D1B0106EA002E2274 /* TEALSettingsStore.h */ = {isa = PBXFileReference; fileEncoding = 4; lastKnownFileType = sourcecode.c.h; path = TEALSettingsStore.h; sourceTree = "<group>"; };
		E73C698E1B0106EA002E2274 /* TEALSettingsStore.m */ = {isa = PBXFileReference; fileEncoding = 4; lastKnownFileType = sourcecode.c.objc; path = TEALSettingsStore.m; sourceTree = "<group>"; };
		E73C69901B0106EA002E2274 /* TEALActionQueueManager.h */ = {isa = PBXFileReference; fileEncoding = 4; lastKnownFileType = sourcecode.c.h; path = TEALActionQueueManager.h; sourceTree = "<group>"; };
		E73C69911B0106EA002E2274 /* TEALActionQueueManager.m */ = {isa = PBXFileReference; fileEncoding = 4; lastKnownFileType = sourcecode.c.objc; path = TEALActionQueueManager.m; sourceTree = "<group>"; };
		E73C69921B0106EA002E2274 /* TEALError.h */ = {isa = PBXFileReference; fileEncoding = 4; lastKnownFileType = sourcecode.c.h; path = TEALError.h; sourceTree = "<group>"; };
		E73C69931B0106EA002E2274 /* TEALError.m */ = {isa = PBXFileReference; fileEncoding = 4; lastKnownFileType = sourcecode.c.objc; path = TEALError.m; sourceTree = "<group>"; };
		E73C69941B0106EA002E2274 /* TEALLogger.h */ = {isa = PBXFileReference; fileEncoding = 4; lastKnownFileType = sourcecode.c.h; path = TEALLogger.h; sourceTree = "<group>"; };
		E73C69951B0106EA002E2274 /* TEALLogger.m */ = {isa = PBXFileReference; fileEncoding = 4; lastKnownFileType = sourcecode.c.objc; path = TEALLogger.m; sourceTree = "<group>"; };
		E73C69961B0106EA002E2274 /* TEALOperationManager.h */ = {isa = PBXFileReference; fileEncoding = 4; lastKnownFileType = sourcecode.c.h; path = TEALOperationManager.h; sourceTree = "<group>"; };
		E73C69971B0106EA002E2274 /* TEALOperationManager.m */ = {isa = PBXFileReference; fileEncoding = 4; lastKnownFileType = sourcecode.c.objc; path = TEALOperationManager.m; sourceTree = "<group>"; };
		E73C69981B0106EA002E2274 /* TEALSystemHelpers.h */ = {isa = PBXFileReference; fileEncoding = 4; lastKnownFileType = sourcecode.c.h; path = TEALSystemHelpers.h; sourceTree = "<group>"; };
		E73C69991B0106EA002E2274 /* TEALSystemHelpers.m */ = {isa = PBXFileReference; fileEncoding = 4; lastKnownFileType = sourcecode.c.objc; path = TEALSystemHelpers.m; sourceTree = "<group>"; };
		E73C699A1B0106EA002E2274 /* TEALSystemProtocols.h */ = {isa = PBXFileReference; fileEncoding = 4; lastKnownFileType = sourcecode.c.h; path = TEALSystemProtocols.h; sourceTree = "<group>"; };
		E73C699B1B0106EA002E2274 /* TEALAudienceSteam-Bridging-Header.h */ = {isa = PBXFileReference; fileEncoding = 4; lastKnownFileType = sourcecode.c.h; path = "TEALAudienceSteam-Bridging-Header.h"; sourceTree = "<group>"; };
		E73C699C1B0106EA002E2274 /* TEALAudienceStream.h */ = {isa = PBXFileReference; fileEncoding = 4; lastKnownFileType = sourcecode.c.h; path = TEALAudienceStream.h; sourceTree = "<group>"; };
		E73C699D1B0106EA002E2274 /* TEALAudienceStream.m */ = {isa = PBXFileReference; fileEncoding = 4; lastKnownFileType = sourcecode.c.objc; path = TEALAudienceStream.m; sourceTree = "<group>"; };
		E73C699E1B0106EA002E2274 /* TEALAudienceStreamConfiguration.h */ = {isa = PBXFileReference; fileEncoding = 4; lastKnownFileType = sourcecode.c.h; path = TEALAudienceStreamConfiguration.h; sourceTree = "<group>"; };
		E73C699F1B0106EA002E2274 /* TEALAudienceStreamConfiguration.m */ = {isa = PBXFileReference; fileEncoding = 4; lastKnownFileType = sourcecode.c.objc; path = TEALAudienceStreamConfiguration.m; sourceTree = "<group>"; };
/* End PBXFileReference section */

/* Begin PBXFrameworksBuildPhase section */
		3722756E1AFEA1840038DDDD /* Frameworks */ = {
			isa = PBXFrameworksBuildPhase;
			buildActionMask = 2147483647;
			files = (
				E73C68771B01052A002E2274 /* TealiumUtilities.framework in Frameworks */,
			);
			runOnlyForDeploymentPostprocessing = 0;
		};
		372275791AFEA1840038DDDD /* Frameworks */ = {
			isa = PBXFrameworksBuildPhase;
			buildActionMask = 2147483647;
			files = (
				3722757D1AFEA1840038DDDD /* libTEALAudienceStream.a in Frameworks */,
				E73C68781B010547002E2274 /* TealiumUtilities.framework in Frameworks */,
			);
			runOnlyForDeploymentPostprocessing = 0;
		};
		37570CE31B02A6100017B07E /* Frameworks */ = {
			isa = PBXFrameworksBuildPhase;
			buildActionMask = 2147483647;
			files = (
				37570CE41B02A6100017B07E /* TealiumUtilities.framework in Frameworks */,
			);
			runOnlyForDeploymentPostprocessing = 0;
		};
/* End PBXFrameworksBuildPhase section */

/* Begin PBXGroup section */
		372275681AFEA1840038DDDD = {
			isa = PBXGroup;
			children = (
				372275731AFEA1840038DDDD /* TEALAudienceStream */,
				372275801AFEA1840038DDDD /* TEALAudienceStreamTests */,
				E73C69E31B010715002E2274 /* Frameworks */,
				372275721AFEA1840038DDDD /* Products */,
			);
			sourceTree = "<group>";
		};
		372275721AFEA1840038DDDD /* Products */ = {
			isa = PBXGroup;
			children = (
				372275711AFEA1840038DDDD /* libTEALAudienceStream.a */,
				3722757C1AFEA1840038DDDD /* TEALAudienceStreamTests.xctest */,
				37570D041B02A6100017B07E /* libTEALAudienceStream-Tests.a */,
			);
			name = Products;
			sourceTree = "<group>";
		};
		372275731AFEA1840038DDDD /* TEALAudienceStream */ = {
			isa = PBXGroup;
			children = (
				E73C696A1B0106EA002E2274 /* source */,
			);
			path = TEALAudienceStream;
			sourceTree = "<group>";
		};
		372275801AFEA1840038DDDD /* TEALAudienceStreamTests */ = {
			isa = PBXGroup;
			children = (
				372275811AFEA1840038DDDD /* Supporting Files */,
			);
			path = TEALAudienceStreamTests;
			sourceTree = "<group>";
		};
		372275811AFEA1840038DDDD /* Supporting Files */ = {
			isa = PBXGroup;
			children = (
				372275821AFEA1840038DDDD /* Info.plist */,
			);
			name = "Supporting Files";
			sourceTree = "<group>";
		};
		E73C696A1B0106EA002E2274 /* source */ = {
			isa = PBXGroup;
			children = (
				E73C696B1B0106EA002E2274 /* datasources */,
				E73C69701B0106EA002E2274 /* events */,
				E73C69751B0106EA002E2274 /* networking */,
				E73C697C1B0106EA002E2274 /* profile */,
				E73C698A1B0106EA002E2274 /* settings */,
				E73C698F1B0106EA002E2274 /* system */,
				E73C699B1B0106EA002E2274 /* TEALAudienceSteam-Bridging-Header.h */,
				E73C699C1B0106EA002E2274 /* TEALAudienceStream.h */,
				E73C699D1B0106EA002E2274 /* TEALAudienceStream.m */,
				E73C699E1B0106EA002E2274 /* TEALAudienceStreamConfiguration.h */,
				E73C699F1B0106EA002E2274 /* TEALAudienceStreamConfiguration.m */,
			);
			path = source;
			sourceTree = SOURCE_ROOT;
		};
		E73C696B1B0106EA002E2274 /* datasources */ = {
			isa = PBXGroup;
			children = (
				E73C696C1B0106EA002E2274 /* TEALAudienceStreamDatasources.h */,
				E73C696D1B0106EA002E2274 /* TEALAudienceStreamDatasources.m */,
				E73C696E1B0106EA002E2274 /* TEALDatasourceStore+TEALAudienceStreamAdditions.h */,
				E73C696F1B0106EA002E2274 /* TEALDatasourceStore+TEALAudienceStreamAdditions.m */,
			);
			path = datasources;
			sourceTree = "<group>";
		};
		E73C69701B0106EA002E2274 /* events */ = {
			isa = PBXGroup;
			children = (
				E73C69711B0106EA002E2274 /* TEALAudienceStreamDispatchManager.h */,
				E73C69721B0106EA002E2274 /* TEALAudienceStreamDispatchManager.m */,
				E73C69731B0106EA002E2274 /* TEALEvent.h */,
				E73C69741B0106EA002E2274 /* TEALEvent.m */,
			);
			path = events;
			sourceTree = "<group>";
		};
		E73C69751B0106EA002E2274 /* networking */ = {
			isa = PBXGroup;
			children = (
				E73C69761B0106EA002E2274 /* TEALAudienceStreamAPIHelpers.h */,
				E73C69771B0106EA002E2274 /* TEALAudienceStreamAPIHelpers.m */,
				E73C69781B0106EA002E2274 /* TEALNetworkHelpers.h */,
				E73C69791B0106EA002E2274 /* TEALNetworkHelpers.m */,
				E73C697A1B0106EA002E2274 /* TEALURLSessionManager.h */,
				E73C697B1B0106EA002E2274 /* TEALURLSessionManager.m */,
			);
			path = networking;
			sourceTree = "<group>";
		};
		E73C697C1B0106EA002E2274 /* profile */ = {
			isa = PBXGroup;
			children = (
				E73C697D1B0106EA002E2274 /* model */,
				E73C69851B0106EA002E2274 /* TEALProfileDelegate.h */,
				E73C69861B0106EA002E2274 /* TEALProfileHelpers.h */,
				E73C69871B0106EA002E2274 /* TEALProfileHelpers.m */,
				E73C69881B0106EA002E2274 /* TEALProfileStore.h */,
				E73C69891B0106EA002E2274 /* TEALProfileStore.m */,
			);
			path = profile;
			sourceTree = "<group>";
		};
		E73C697D1B0106EA002E2274 /* model */ = {
			isa = PBXGroup;
			children = (
				E73C697E1B0106EA002E2274 /* TEALProfile+PrivateHeader.h */,
				E73C697F1B0106EA002E2274 /* TEALProfile.h */,
				E73C69801B0106EA002E2274 /* TEALProfile.m */,
				E73C69811B0106EA002E2274 /* TEALProfileAttribute.h */,
				E73C69821B0106EA002E2274 /* TEALProfileAttribute.m */,
				E73C69831B0106EA002E2274 /* TEALProfileCurrentVisit.h */,
				E73C69841B0106EA002E2274 /* TEALProfileCurrentVisit.m */,
			);
			path = model;
			sourceTree = "<group>";
		};
		E73C698A1B0106EA002E2274 /* settings */ = {
			isa = PBXGroup;
			children = (
				E73C698B1B0106EA002E2274 /* TEALSettings.h */,
				E73C698C1B0106EA002E2274 /* TEALSettings.m */,
				E73C698D1B0106EA002E2274 /* TEALSettingsStore.h */,
				E73C698E1B0106EA002E2274 /* TEALSettingsStore.m */,
			);
			path = settings;
			sourceTree = "<group>";
		};
		E73C698F1B0106EA002E2274 /* system */ = {
			isa = PBXGroup;
			children = (
				E73C69901B0106EA002E2274 /* TEALActionQueueManager.h */,
				E73C69911B0106EA002E2274 /* TEALActionQueueManager.m */,
				E73C69921B0106EA002E2274 /* TEALError.h */,
				E73C69931B0106EA002E2274 /* TEALError.m */,
				E73C69941B0106EA002E2274 /* TEALLogger.h */,
				E73C69951B0106EA002E2274 /* TEALLogger.m */,
				E73C69961B0106EA002E2274 /* TEALOperationManager.h */,
				E73C69971B0106EA002E2274 /* TEALOperationManager.m */,
				E73C69981B0106EA002E2274 /* TEALSystemHelpers.h */,
				E73C69991B0106EA002E2274 /* TEALSystemHelpers.m */,
				E73C699A1B0106EA002E2274 /* TEALSystemProtocols.h */,
			);
			path = system;
			sourceTree = "<group>";
		};
		E73C69E31B010715002E2274 /* Frameworks */ = {
			isa = PBXGroup;
			children = (
				E73C68761B01052A002E2274 /* TealiumUtilities.framework */,
			);
			name = Frameworks;
			sourceTree = "<group>";
		};
/* End PBXGroup section */

/* Begin PBXHeadersBuildPhase section */
		372275EC1AFEE5840038DDDD /* Headers */ = {
			isa = PBXHeadersBuildPhase;
			buildActionMask = 2147483647;
			files = (
				E73C69B61B0106EA002E2274 /* TEALProfile.h in Headers */,
				E73C69DD1B0106EB002E2274 /* TEALAudienceStream.h in Headers */,
				E73C69E01B0106EC002E2274 /* TEALAudienceStreamConfiguration.h in Headers */,
				E73C69A91B0106EA002E2274 /* TEALEvent.h in Headers */,
				E73C69BC1B0106EA002E2274 /* TEALProfileCurrentVisit.h in Headers */,
				E73C69B91B0106EA002E2274 /* TEALProfileAttribute.h in Headers */,
				E73C69CF1B0106EB002E2274 /* TEALError.h in Headers */,
				E73C69A61B0106EA002E2274 /* TEALAudienceStreamDispatchManager.h in Headers */,
				E73C69D21B0106EB002E2274 /* TEALLogger.h in Headers */,
				E73C69B21B0106EA002E2274 /* TEALURLSessionManager.h in Headers */,
				E73C69D51B0106EB002E2274 /* TEALOperationManager.h in Headers */,
				E73C69C31B0106EB002E2274 /* TEALProfileStore.h in Headers */,
				E73C69A01B0106EA002E2274 /* TEALAudienceStreamDatasources.h in Headers */,
				E73C69DB1B0106EB002E2274 /* TEALSystemProtocols.h in Headers */,
				E73C69DC1B0106EB002E2274 /* TEALAudienceSteam-Bridging-Header.h in Headers */,
				E73C69D81B0106EB002E2274 /* TEALSystemHelpers.h in Headers */,
				E73C69BF1B0106EA002E2274 /* TEALProfileDelegate.h in Headers */,
				E73C69AF1B0106EA002E2274 /* TEALNetworkHelpers.h in Headers */,
				E73C69AC1B0106EA002E2274 /* TEALAudienceStreamAPIHelpers.h in Headers */,
				E73C69C61B0106EB002E2274 /* TEALSettings.h in Headers */,
				E73C69C01B0106EA002E2274 /* TEALProfileHelpers.h in Headers */,
				E73C69A31B0106EA002E2274 /* TEALDatasourceStore+TEALAudienceStreamAdditions.h in Headers */,
				E73C69C91B0106EB002E2274 /* TEALSettingsStore.h in Headers */,
				E73C69B51B0106EA002E2274 /* TEALProfile+PrivateHeader.h in Headers */,
				E73C69CC1B0106EB002E2274 /* TEALActionQueueManager.h in Headers */,
			);
			runOnlyForDeploymentPostprocessing = 0;
		};
		37570CE61B02A6100017B07E /* Headers */ = {
			isa = PBXHeadersBuildPhase;
			buildActionMask = 2147483647;
			files = (
				37570CE71B02A6100017B07E /* TEALProfile.h in Headers */,
				37570CE81B02A6100017B07E /* TEALAudienceStream.h in Headers */,
				37570CE91B02A6100017B07E /* TEALAudienceStreamConfiguration.h in Headers */,
				37570CEA1B02A6100017B07E /* TEALEvent.h in Headers */,
				37570CEB1B02A6100017B07E /* TEALProfileCurrentVisit.h in Headers */,
				37570CF01B02A6100017B07E /* TEALURLSessionManager.h in Headers */,
				37570CF11B02A6100017B07E /* TEALOperationManager.h in Headers */,
				37570CF21B02A6100017B07E /* TEALProfileStore.h in Headers */,
				37570CF31B02A6100017B07E /* TEALAudienceStreamDatasources.h in Headers */,
				37570CF41B02A6100017B07E /* TEALSystemProtocols.h in Headers */,
				37570CF51B02A6100017B07E /* TEALAudienceSteam-Bridging-Header.h in Headers */,
				37570CF61B02A6100017B07E /* TEALSystemHelpers.h in Headers */,
				37570CF71B02A6100017B07E /* TEALProfileDelegate.h in Headers */,
				37570CF81B02A6100017B07E /* TEALNetworkHelpers.h in Headers */,
				37570CF91B02A6100017B07E /* TEALAudienceStreamAPIHelpers.h in Headers */,
				37570CFA1B02A6100017B07E /* TEALSettings.h in Headers */,
				37570CFB1B02A6100017B07E /* TEALProfileHelpers.h in Headers */,
				37570CFC1B02A6100017B07E /* TEALDatasourceStore+TEALAudienceStreamAdditions.h in Headers */,
				37570CFD1B02A6100017B07E /* TEALSettingsStore.h in Headers */,
				37570CFE1B02A6100017B07E /* TEALProfile+PrivateHeader.h in Headers */,
				37570CFF1B02A6100017B07E /* TEALActionQueueManager.h in Headers */,
				37570CEC1B02A6100017B07E /* TEALProfileAttribute.h in Headers */,
				37570CED1B02A6100017B07E /* TEALError.h in Headers */,
				37570CEE1B02A6100017B07E /* TEALAudienceStreamDispatchManager.h in Headers */,
				37570CEF1B02A6100017B07E /* TEALLogger.h in Headers */,
			);
			runOnlyForDeploymentPostprocessing = 0;
		};
/* End PBXHeadersBuildPhase section */

/* Begin PBXNativeTarget section */
		372275701AFEA1840038DDDD /* TEALAudienceStream */ = {
			isa = PBXNativeTarget;
			buildConfigurationList = 372275851AFEA1840038DDDD /* Build configuration list for PBXNativeTarget "TEALAudienceStream" */;
			buildPhases = (
				3722756D1AFEA1840038DDDD /* Sources */,
				3722756E1AFEA1840038DDDD /* Frameworks */,
				3722756F1AFEA1840038DDDD /* CopyFiles */,
				372275EC1AFEE5840038DDDD /* Headers */,
				E73C69EB1B011951002E2274 /* Build Framework */,
			);
			buildRules = (
			);
			dependencies = (
			);
			name = TEALAudienceStream;
			productName = TEALAudienceStream;
			productReference = 372275711AFEA1840038DDDD /* libTEALAudienceStream.a */;
			productType = "com.apple.product-type.library.static";
		};
		3722757B1AFEA1840038DDDD /* TEALAudienceStreamTests */ = {
			isa = PBXNativeTarget;
			buildConfigurationList = 372275881AFEA1840038DDDD /* Build configuration list for PBXNativeTarget "TEALAudienceStreamTests" */;
			buildPhases = (
				372275781AFEA1840038DDDD /* Sources */,
				372275791AFEA1840038DDDD /* Frameworks */,
				3722757A1AFEA1840038DDDD /* Resources */,
			);
			buildRules = (
			);
			dependencies = (
				3722757F1AFEA1840038DDDD /* PBXTargetDependency */,
			);
			name = TEALAudienceStreamTests;
			productName = TEALAudienceStreamTests;
			productReference = 3722757C1AFEA1840038DDDD /* TEALAudienceStreamTests.xctest */;
			productType = "com.apple.product-type.bundle.unit-test";
		};
		37570CCC1B02A6100017B07E /* TEALAudienceStream-Tests */ = {
			isa = PBXNativeTarget;
			buildConfigurationList = 37570D011B02A6100017B07E /* Build configuration list for PBXNativeTarget "TEALAudienceStream-Tests" */;
			buildPhases = (
				37570CCD1B02A6100017B07E /* Sources */,
				37570CE31B02A6100017B07E /* Frameworks */,
				37570CE51B02A6100017B07E /* CopyFiles */,
				37570CE61B02A6100017B07E /* Headers */,
				37570D001B02A6100017B07E /* Build Framework */,
			);
			buildRules = (
			);
			dependencies = (
			);
			name = "TEALAudienceStream-Tests";
			productName = TEALAudienceStream;
			productReference = 37570D041B02A6100017B07E /* libTEALAudienceStream-Tests.a */;
			productType = "com.apple.product-type.library.static";
		};
/* End PBXNativeTarget section */

/* Begin PBXProject section */
		372275691AFEA1840038DDDD /* Project object */ = {
			isa = PBXProject;
			attributes = {
				LastUpgradeCheck = 0630;
				ORGANIZATIONNAME = "Tealium Inc.";
				TargetAttributes = {
					372275701AFEA1840038DDDD = {
						CreatedOnToolsVersion = 6.3.1;
					};
					3722757B1AFEA1840038DDDD = {
						CreatedOnToolsVersion = 6.3.1;
					};
					E73C69E41B010EB1002E2274 = {
						CreatedOnToolsVersion = 6.3.1;
					};
				};
			};
			buildConfigurationList = 3722756C1AFEA1840038DDDD /* Build configuration list for PBXProject "TEALAudienceStream" */;
			compatibilityVersion = "Xcode 3.2";
			developmentRegion = English;
			hasScannedForEncodings = 0;
			knownRegions = (
				en,
			);
			mainGroup = 372275681AFEA1840038DDDD;
			productRefGroup = 372275721AFEA1840038DDDD /* Products */;
			projectDirPath = "";
			projectRoot = "";
			targets = (
				372275701AFEA1840038DDDD /* TEALAudienceStream */,
				3722757B1AFEA1840038DDDD /* TEALAudienceStreamTests */,
				E73C69E41B010EB1002E2274 /* Framework */,
				37570CCC1B02A6100017B07E /* TEALAudienceStream-Tests */,
			);
		};
/* End PBXProject section */

/* Begin PBXResourcesBuildPhase section */
		3722757A1AFEA1840038DDDD /* Resources */ = {
			isa = PBXResourcesBuildPhase;
			buildActionMask = 2147483647;
			files = (
			);
			runOnlyForDeploymentPostprocessing = 0;
		};
/* End PBXResourcesBuildPhase section */

/* Begin PBXShellScriptBuildPhase section */
		37570D001B02A6100017B07E /* Build Framework */ = {
			isa = PBXShellScriptBuildPhase;
			buildActionMask = 2147483647;
			files = (
			);
			inputPaths = (
			);
			name = "Build Framework";
			outputPaths = (
			);
			runOnlyForDeploymentPostprocessing = 0;
			shellPath = /bin/sh;
			shellScript = "set -e\n\nexport FRAMEWORK_LOCATION=\"${BUILT_PRODUCTS_DIR}/${PRODUCT_NAME}.framework\"\n\n# Create the path to the real Headers die\nmkdir -p \"${FRAMEWORK_LOCATION}/Versions/A/Headers\"\n\n# Create the required symlinks\n/bin/ln -sfh A \"${FRAMEWORK_LOCATION}/Versions/Current\"\n/bin/ln -sfh Versions/Current/Headers \"${FRAMEWORK_LOCATION}/Headers\"\n/bin/ln -sfh \"Versions/Current/${PRODUCT_NAME}\" \\\n\"${FRAMEWORK_LOCATION}/${PRODUCT_NAME}\"\n\n# Copy the public headers into the framework\n/bin/cp -a \"${TARGET_BUILD_DIR}/${PUBLIC_HEADERS_FOLDER_PATH}/\" \\\n\"${FRAMEWORK_LOCATION}/Versions/A/Headers\"";
		};
		E73C69E81B010EB6002E2274 /* ShellScript */ = {
			isa = PBXShellScriptBuildPhase;
			buildActionMask = 2147483647;
			files = (
			);
			inputPaths = (
			);
			outputPaths = (
			);
			runOnlyForDeploymentPostprocessing = 0;
			shellPath = /bin/sh;
			shellScript = "# modified http://www.raywenderlich.com/65964/create-a-framework-for-ios\n\nset -e\n\n# If we're already inside this script then die\nif [ -n \"$TEAL_MULTIPLATFORM_BUILD_IN_PROGRESS\" ]; then\nexit 0\nfi\nexport TEAL_MULTIPLATFORM_BUILD_IN_PROGRESS=1\n\nTEAL_FRAMEWORK_NAME=${PRODUCT_NAME}\nTEAL_INPUT_STATIC_LIB=\"lib${PRODUCT_NAME}.a\"\nTEAL_FRAMEWORK_LOCATION=\"${BUILT_PRODUCTS_DIR}/${TEAL_FRAMEWORK_NAME}.framework\"\n\nfunction build_static_library {\n    # Will rebuild the static library as specified\n    #     build_static_library sdk\n    xcrun xcodebuild -project \"${PROJECT_FILE_PATH}\" \\\n    -target \"${TARGET_NAME}\" \\\n    -configuration \"${CONFIGURATION}\" \\\n    -sdk \"${1}\" \\\n    ONLY_ACTIVE_ARCH=NO \\\n    BUILD_DIR=\"${BUILD_DIR}\" \\\n    OBJROOT=\"${OBJROOT}\" \\\n    BUILD_ROOT=\"${BUILD_ROOT}\" \\\n    SYMROOT=\"${SYMROOT}\" $ACTION\n}\n\nfunction make_fat_library {\n    # Will smash 2 static libs together\n    #     make_fat_library in1 in2 out\n    xcrun lipo -create \"${1}\" \"${2}\" -output \"${3}\"\n}\n\n# 1 - Extract the platform (iphoneos/iphonesimulator) from the SDK name\nif [[ \"$SDK_NAME\" =~ ([A-Za-z]+) ]]; then\nTEAL_SDK_PLATFORM=${BASH_REMATCH[1]}\nelse\necho \"Could not find platform name from SDK_NAME: $SDK_NAME\"\nexit 1\nfi\n\n# 2 - Extract the version from the SDK\nif [[ \"$SDK_NAME\" =~ ([0-9]+.*$) ]]; then\nTEAL_SDK_VERSION=${BASH_REMATCH[1]}\nelse\necho \"Could not find sdk version from SDK_NAME: $SDK_NAME\"\nexit 1\nfi\n\n# 3 - Determine the other platform\nif [ \"$TEAL_SDK_PLATFORM\" == \"iphoneos\" ]; then\nTEAL_OTHER_PLATFORM=iphonesimulator\nelse\nTEAL_OTHER_PLATFORM=iphoneos\nfi\n\n# 4 - Find the build directory\nif [[ \"$BUILT_PRODUCTS_DIR\" =~ (.*)$TEAL_SDK_PLATFORM$ ]]; then\nTEAL_OTHER_BUILT_PRODUCTS_DIR=\"${BASH_REMATCH[1]}${TEAL_OTHER_PLATFORM}\"\nelse\necho \"Could not find other platform build directory.\"\nexit 1\nfi\n\n# Build the other platform.\nbuild_static_library \"${TEAL_OTHER_PLATFORM}${TEAL_SDK_VERSION}\"\n\n# If we're currently building for iphonesimulator, then need to rebuild\n#   to ensure that we get both i386 and x86_64\nif [ \"$TEAL_SDK_PLATFORM\" == \"iphonesimulator\" ]; then\nbuild_static_library \"${SDK_NAME}\"\nfi\n\n# Join the 2 static libs into 1 and push into the .framework\nmake_fat_library \"${BUILT_PRODUCTS_DIR}/${TEAL_INPUT_STATIC_LIB}\" \\\n\"${TEAL_OTHER_BUILT_PRODUCTS_DIR}/${TEAL_INPUT_STATIC_LIB}\" \\\n\"${TEAL_FRAMEWORK_LOCATION}/Versions/A/${TEAL_FRAMEWORK_NAME}\"\n\n# Ensure that the framework is present in both platform's build directories\ncp -a \"${TEAL_FRAMEWORK_LOCATION}/Versions/A/${TEAL_FRAMEWORK_NAME}\" \\\n\"${TEAL_OTHER_BUILT_PRODUCTS_DIR}/${TEAL_FRAMEWORK_NAME}.framework/Versions/A/${TEAL_FRAMEWORK_NAME}\"\n\n# Remove any pre-existing build\nrm -rf ${SRCROOT}/../audiencestream-builds/${TEAL_FRAMEWORK_NAME}.framework\n\n# Copy the framework to sibling ios-library-new directory\nditto \"${TEAL_FRAMEWORK_LOCATION}\" \"${SRCROOT}/../audiencestream-builds/${TEAL_FRAMEWORK_NAME}.framework\"";
		};
		E73C69EB1B011951002E2274 /* Build Framework */ = {
			isa = PBXShellScriptBuildPhase;
			buildActionMask = 2147483647;
			files = (
			);
			inputPaths = (
			);
			name = "Build Framework";
			outputPaths = (
			);
			runOnlyForDeploymentPostprocessing = 0;
			shellPath = /bin/sh;
			shellScript = "set -e\n\nexport FRAMEWORK_LOCATION=\"${BUILT_PRODUCTS_DIR}/${PRODUCT_NAME}.framework\"\n\n# Create the path to the real Headers die\nmkdir -p \"${FRAMEWORK_LOCATION}/Versions/A/Headers\"\n\n# Create the required symlinks\n/bin/ln -sfh A \"${FRAMEWORK_LOCATION}/Versions/Current\"\n/bin/ln -sfh Versions/Current/Headers \"${FRAMEWORK_LOCATION}/Headers\"\n/bin/ln -sfh \"Versions/Current/${PRODUCT_NAME}\" \\\n\"${FRAMEWORK_LOCATION}/${PRODUCT_NAME}\"\n\n# Copy the public headers into the framework\n/bin/cp -a \"${TARGET_BUILD_DIR}/${PUBLIC_HEADERS_FOLDER_PATH}/\" \\\n\"${FRAMEWORK_LOCATION}/Versions/A/Headers\"";
		};
/* End PBXShellScriptBuildPhase section */

/* Begin PBXSourcesBuildPhase section */
		3722756D1AFEA1840038DDDD /* Sources */ = {
			isa = PBXSourcesBuildPhase;
			buildActionMask = 2147483647;
			files = (
				E73C69A71B0106EA002E2274 /* TEALAudienceStreamDispatchManager.m in Sources */,
				E73C69BA1B0106EA002E2274 /* TEALProfileAttribute.m in Sources */,
				E73C69A41B0106EA002E2274 /* TEALDatasourceStore+TEALAudienceStreamAdditions.m in Sources */,
				E73C69DE1B0106EB002E2274 /* TEALAudienceStream.m in Sources */,
				E73C69BD1B0106EA002E2274 /* TEALProfileCurrentVisit.m in Sources */,
				E73C69AA1B0106EA002E2274 /* TEALEvent.m in Sources */,
				E73C69D61B0106EB002E2274 /* TEALOperationManager.m in Sources */,
				E73C69AD1B0106EA002E2274 /* TEALAudienceStreamAPIHelpers.m in Sources */,
				E73C69D31B0106EB002E2274 /* TEALLogger.m in Sources */,
				E73C69D01B0106EB002E2274 /* TEALError.m in Sources */,
				E73C69E11B0106EC002E2274 /* TEALAudienceStreamConfiguration.m in Sources */,
				E73C69B01B0106EA002E2274 /* TEALNetworkHelpers.m in Sources */,
				E73C69B31B0106EA002E2274 /* TEALURLSessionManager.m in Sources */,
				E73C69CA1B0106EB002E2274 /* TEALSettingsStore.m in Sources */,
				E73C69A11B0106EA002E2274 /* TEALAudienceStreamDatasources.m in Sources */,
				E73C69CD1B0106EB002E2274 /* TEALActionQueueManager.m in Sources */,
				E73C69C71B0106EB002E2274 /* TEALSettings.m in Sources */,
				E73C69D91B0106EB002E2274 /* TEALSystemHelpers.m in Sources */,
				E73C69C41B0106EB002E2274 /* TEALProfileStore.m in Sources */,
				E73C69C11B0106EB002E2274 /* TEALProfileHelpers.m in Sources */,
				E73C69B71B0106EA002E2274 /* TEALProfile.m in Sources */,
			);
			runOnlyForDeploymentPostprocessing = 0;
		};
		372275781AFEA1840038DDDD /* Sources */ = {
			isa = PBXSourcesBuildPhase;
			buildActionMask = 2147483647;
			files = (
				E73C69A81B0106EA002E2274 /* TEALAudienceStreamDispatchManager.m in Sources */,
				E73C69BB1B0106EA002E2274 /* TEALProfileAttribute.m in Sources */,
				E73C69A51B0106EA002E2274 /* TEALDatasourceStore+TEALAudienceStreamAdditions.m in Sources */,
				E73C69DF1B0106EC002E2274 /* TEALAudienceStream.m in Sources */,
				E73C69BE1B0106EA002E2274 /* TEALProfileCurrentVisit.m in Sources */,
				E73C69AB1B0106EA002E2274 /* TEALEvent.m in Sources */,
				E73C69D71B0106EB002E2274 /* TEALOperationManager.m in Sources */,
				E73C69AE1B0106EA002E2274 /* TEALAudienceStreamAPIHelpers.m in Sources */,
				E73C69D41B0106EB002E2274 /* TEALLogger.m in Sources */,
				E73C69D11B0106EB002E2274 /* TEALError.m in Sources */,
				E73C69E21B0106EC002E2274 /* TEALAudienceStreamConfiguration.m in Sources */,
				E73C69B11B0106EA002E2274 /* TEALNetworkHelpers.m in Sources */,
				E73C69B41B0106EA002E2274 /* TEALURLSessionManager.m in Sources */,
				E73C69CB1B0106EB002E2274 /* TEALSettingsStore.m in Sources */,
				E73C69A21B0106EA002E2274 /* TEALAudienceStreamDatasources.m in Sources */,
				E73C69CE1B0106EB002E2274 /* TEALActionQueueManager.m in Sources */,
				E73C69C81B0106EB002E2274 /* TEALSettings.m in Sources */,
				E73C69DA1B0106EB002E2274 /* TEALSystemHelpers.m in Sources */,
				E73C69C51B0106EB002E2274 /* TEALProfileStore.m in Sources */,
				E73C69C21B0106EB002E2274 /* TEALProfileHelpers.m in Sources */,
				E73C69B81B0106EA002E2274 /* TEALProfile.m in Sources */,
			);
			runOnlyForDeploymentPostprocessing = 0;
		};
		37570CCD1B02A6100017B07E /* Sources */ = {
			isa = PBXSourcesBuildPhase;
			buildActionMask = 2147483647;
			files = (
				37570CCE1B02A6100017B07E /* TEALAudienceStreamDispatchManager.m in Sources */,
				37570CCF1B02A6100017B07E /* TEALProfileAttribute.m in Sources */,
				37570CD01B02A6100017B07E /* TEALDatasourceStore+TEALAudienceStreamAdditions.m in Sources */,
				37570CD11B02A6100017B07E /* TEALAudienceStream.m in Sources */,
				37570CD21B02A6100017B07E /* TEALProfileCurrentVisit.m in Sources */,
				37570CD31B02A6100017B07E /* TEALEvent.m in Sources */,
				37570CD41B02A6100017B07E /* TEALOperationManager.m in Sources */,
				37570CD51B02A6100017B07E /* TEALAudienceStreamAPIHelpers.m in Sources */,
				37570CD61B02A6100017B07E /* TEALLogger.m in Sources */,
				37570CD71B02A6100017B07E /* TEALError.m in Sources */,
				37570CD81B02A6100017B07E /* TEALAudienceStreamConfiguration.m in Sources */,
				37570CD91B02A6100017B07E /* TEALNetworkHelpers.m in Sources */,
				37570CDA1B02A6100017B07E /* TEALURLSessionManager.m in Sources */,
				37570CDB1B02A6100017B07E /* TEALSettingsStore.m in Sources */,
				37570CDC1B02A6100017B07E /* TEALAudienceStreamDatasources.m in Sources */,
				37570CDD1B02A6100017B07E /* TEALActionQueueManager.m in Sources */,
				37570CDE1B02A6100017B07E /* TEALSettings.m in Sources */,
				37570CDF1B02A6100017B07E /* TEALSystemHelpers.m in Sources */,
				37570CE01B02A6100017B07E /* TEALProfileStore.m in Sources */,
				37570CE11B02A6100017B07E /* TEALProfileHelpers.m in Sources */,
				37570CE21B02A6100017B07E /* TEALProfile.m in Sources */,
			);
			runOnlyForDeploymentPostprocessing = 0;
		};
/* End PBXSourcesBuildPhase section */

/* Begin PBXTargetDependency section */
		3722757F1AFEA1840038DDDD /* PBXTargetDependency */ = {
			isa = PBXTargetDependency;
			target = 372275701AFEA1840038DDDD /* TEALAudienceStream */;
			targetProxy = 3722757E1AFEA1840038DDDD /* PBXContainerItemProxy */;
		};
		E73C69EA1B010FD9002E2274 /* PBXTargetDependency */ = {
			isa = PBXTargetDependency;
			target = 372275701AFEA1840038DDDD /* TEALAudienceStream */;
			targetProxy = E73C69E91B010FD9002E2274 /* PBXContainerItemProxy */;
		};
/* End PBXTargetDependency section */

/* Begin XCBuildConfiguration section */
		372275831AFEA1840038DDDD /* Debug */ = {
			isa = XCBuildConfiguration;
			buildSettings = {
				ALWAYS_SEARCH_USER_PATHS = NO;
				CLANG_CXX_LANGUAGE_STANDARD = "gnu++0x";
				CLANG_CXX_LIBRARY = "libc++";
				CLANG_ENABLE_MODULES = YES;
				CLANG_ENABLE_OBJC_ARC = YES;
				CLANG_WARN_BOOL_CONVERSION = YES;
				CLANG_WARN_CONSTANT_CONVERSION = YES;
				CLANG_WARN_DIRECT_OBJC_ISA_USAGE = YES_ERROR;
				CLANG_WARN_EMPTY_BODY = YES;
				CLANG_WARN_ENUM_CONVERSION = YES;
				CLANG_WARN_INT_CONVERSION = YES;
				CLANG_WARN_OBJC_ROOT_CLASS = YES_ERROR;
				CLANG_WARN_UNREACHABLE_CODE = YES;
				CLANG_WARN__DUPLICATE_METHOD_MATCH = YES;
				COPY_PHASE_STRIP = NO;
				DEBUG_INFORMATION_FORMAT = "dwarf-with-dsym";
				ENABLE_STRICT_OBJC_MSGSEND = YES;
				GCC_C_LANGUAGE_STANDARD = gnu99;
				GCC_DYNAMIC_NO_PIC = NO;
				GCC_NO_COMMON_BLOCKS = YES;
				GCC_OPTIMIZATION_LEVEL = 0;
				GCC_PREPROCESSOR_DEFINITIONS = (
					"DEBUG=1",
					"$(inherited)",
				);
				GCC_SYMBOLS_PRIVATE_EXTERN = NO;
				GCC_WARN_64_TO_32_BIT_CONVERSION = YES;
				GCC_WARN_ABOUT_RETURN_TYPE = YES_ERROR;
				GCC_WARN_UNDECLARED_SELECTOR = YES;
				GCC_WARN_UNINITIALIZED_AUTOS = YES_AGGRESSIVE;
				GCC_WARN_UNUSED_FUNCTION = YES;
				GCC_WARN_UNUSED_VARIABLE = YES;
				IPHONEOS_DEPLOYMENT_TARGET = 8.3;
				MTL_ENABLE_DEBUG_INFO = YES;
				ONLY_ACTIVE_ARCH = YES;
				SDKROOT = iphoneos;
			};
			name = Debug;
		};
		372275841AFEA1840038DDDD /* Release */ = {
			isa = XCBuildConfiguration;
			buildSettings = {
				ALWAYS_SEARCH_USER_PATHS = NO;
				CLANG_CXX_LANGUAGE_STANDARD = "gnu++0x";
				CLANG_CXX_LIBRARY = "libc++";
				CLANG_ENABLE_MODULES = YES;
				CLANG_ENABLE_OBJC_ARC = YES;
				CLANG_WARN_BOOL_CONVERSION = YES;
				CLANG_WARN_CONSTANT_CONVERSION = YES;
				CLANG_WARN_DIRECT_OBJC_ISA_USAGE = YES_ERROR;
				CLANG_WARN_EMPTY_BODY = YES;
				CLANG_WARN_ENUM_CONVERSION = YES;
				CLANG_WARN_INT_CONVERSION = YES;
				CLANG_WARN_OBJC_ROOT_CLASS = YES_ERROR;
				CLANG_WARN_UNREACHABLE_CODE = YES;
				CLANG_WARN__DUPLICATE_METHOD_MATCH = YES;
				COPY_PHASE_STRIP = NO;
				DEBUG_INFORMATION_FORMAT = "dwarf-with-dsym";
				ENABLE_NS_ASSERTIONS = NO;
				ENABLE_STRICT_OBJC_MSGSEND = YES;
				GCC_C_LANGUAGE_STANDARD = gnu99;
				GCC_NO_COMMON_BLOCKS = YES;
				GCC_WARN_64_TO_32_BIT_CONVERSION = YES;
				GCC_WARN_ABOUT_RETURN_TYPE = YES_ERROR;
				GCC_WARN_UNDECLARED_SELECTOR = YES;
				GCC_WARN_UNINITIALIZED_AUTOS = YES_AGGRESSIVE;
				GCC_WARN_UNUSED_FUNCTION = YES;
				GCC_WARN_UNUSED_VARIABLE = YES;
				IPHONEOS_DEPLOYMENT_TARGET = 8.3;
				MTL_ENABLE_DEBUG_INFO = NO;
				SDKROOT = iphoneos;
				VALIDATE_PRODUCT = YES;
			};
			name = Release;
		};
		372275861AFEA1840038DDDD /* Debug */ = {
			isa = XCBuildConfiguration;
			buildSettings = {
				FRAMEWORK_SEARCH_PATHS = (
					"$(inherited)",
					"/Users/ethyreal/Documents/ios/tealium/audiencestream-ios/Release",
					"/Users/georgewebster/Documents/iOS/audiencestream-ios/Release",
				);
				OTHER_LDFLAGS = "-ObjC";
				PRODUCT_NAME = "$(TARGET_NAME)";
				PUBLIC_HEADERS_FOLDER_PATH = "include/$(PROJECT_NAME)";
				SKIP_INSTALL = YES;
			};
			name = Debug;
		};
		372275871AFEA1840038DDDD /* Release */ = {
			isa = XCBuildConfiguration;
			buildSettings = {
				FRAMEWORK_SEARCH_PATHS = (
					"$(inherited)",
					"/Users/ethyreal/Documents/ios/tealium/audiencestream-ios/Release",
					"/Users/georgewebster/Documents/iOS/audiencestream-ios/Release",
				);
				OTHER_LDFLAGS = "-ObjC";
				PRODUCT_NAME = "$(TARGET_NAME)";
				PUBLIC_HEADERS_FOLDER_PATH = "include/$(PROJECT_NAME)";
				SKIP_INSTALL = YES;
			};
			name = Release;
		};
		372275891AFEA1840038DDDD /* Debug */ = {
			isa = XCBuildConfiguration;
			buildSettings = {
				"CODE_SIGN_IDENTITY[sdk=iphoneos*]" = "iPhone Developer";
				FRAMEWORK_SEARCH_PATHS = (
					"$(SDKROOT)/Developer/Library/Frameworks",
					"$(inherited)",
					"/Users/ethyreal/Documents/ios/tealium/audiencestream-ios/Release",
					"/Users/georgewebster/Documents/iOS/audiencestream-ios/Release",
				);
				GCC_PREPROCESSOR_DEFINITIONS = (
					"DEBUG=1",
					"$(inherited)",
				);
				INFOPLIST_FILE = TEALAudienceStreamTests/Info.plist;
				LD_RUNPATH_SEARCH_PATHS = "$(inherited) @executable_path/Frameworks @loader_path/Frameworks";
				PRODUCT_NAME = "$(TARGET_NAME)";
			};
			name = Debug;
		};
		3722758A1AFEA1840038DDDD /* Release */ = {
			isa = XCBuildConfiguration;
			buildSettings = {
				"CODE_SIGN_IDENTITY[sdk=iphoneos*]" = "iPhone Developer";
				FRAMEWORK_SEARCH_PATHS = (
					"$(SDKROOT)/Developer/Library/Frameworks",
					"$(inherited)",
					"/Users/ethyreal/Documents/ios/tealium/audiencestream-ios/Release",
					"/Users/georgewebster/Documents/iOS/audiencestream-ios/Release",
				);
				INFOPLIST_FILE = TEALAudienceStreamTests/Info.plist;
				LD_RUNPATH_SEARCH_PATHS = "$(inherited) @executable_path/Frameworks @loader_path/Frameworks";
				PRODUCT_NAME = "$(TARGET_NAME)";
			};
			name = Release;
		};
		37570D021B02A6100017B07E /* Debug */ = {
			isa = XCBuildConfiguration;
			buildSettings = {
				FRAMEWORK_SEARCH_PATHS = (
					"$(inherited)",
					"/Users/ethyreal/Documents/ios/tealium/audiencestream-ios/Release",
					"/Users/georgewebster/Documents/iOS/audiencestream-ios/Release",
				);
				OTHER_LDFLAGS = "-ObjC";
				PRODUCT_NAME = "TEALAudienceStream-Tests";
				PUBLIC_HEADERS_FOLDER_PATH = "include/$(PROJECT_NAME)";
				SKIP_INSTALL = YES;
			};
			name = Debug;
		};
		37570D031B02A6100017B07E /* Release */ = {
			isa = XCBuildConfiguration;
			buildSettings = {
				FRAMEWORK_SEARCH_PATHS = (
					"$(inherited)",
					"/Users/ethyreal/Documents/ios/tealium/audiencestream-ios/Release",
					"/Users/georgewebster/Documents/iOS/audiencestream-ios/Release",
				);
				OTHER_LDFLAGS = "-ObjC";
				PRODUCT_NAME = "TEALAudienceStream-Tests";
				PUBLIC_HEADERS_FOLDER_PATH = "include/$(PROJECT_NAME)";
				SKIP_INSTALL = YES;
			};
			name = Release;
		};
		E73C69E61B010EB1002E2274 /* Debug */ = {
			isa = XCBuildConfiguration;
			buildSettings = {
				PRODUCT_NAME = TEALAudienceStream;
			};
			name = Debug;
		};
		E73C69E71B010EB1002E2274 /* Release */ = {
			isa = XCBuildConfiguration;
			buildSettings = {
				PRODUCT_NAME = TEALAudienceStream;
			};
			name = Release;
		};
/* End XCBuildConfiguration section */

/* Begin XCConfigurationList section */
		3722756C1AFEA1840038DDDD /* Build configuration list for PBXProject "TEALAudienceStream" */ = {
			isa = XCConfigurationList;
			buildConfigurations = (
				372275831AFEA1840038DDDD /* Debug */,
				372275841AFEA1840038DDDD /* Release */,
			);
			defaultConfigurationIsVisible = 0;
			defaultConfigurationName = Release;
		};
		372275851AFEA1840038DDDD /* Build configuration list for PBXNativeTarget "TEALAudienceStream" */ = {
			isa = XCConfigurationList;
			buildConfigurations = (
				372275861AFEA1840038DDDD /* Debug */,
				372275871AFEA1840038DDDD /* Release */,
			);
			defaultConfigurationIsVisible = 0;
			defaultConfigurationName = Release;
		};
		372275881AFEA1840038DDDD /* Build configuration list for PBXNativeTarget "TEALAudienceStreamTests" */ = {
			isa = XCConfigurationList;
			buildConfigurations = (
				372275891AFEA1840038DDDD /* Debug */,
				3722758A1AFEA1840038DDDD /* Release */,
			);
			defaultConfigurationIsVisible = 0;
			defaultConfigurationName = Release;
		};
		37570D011B02A6100017B07E /* Build configuration list for PBXNativeTarget "TEALAudienceStream-Tests" */ = {
			isa = XCConfigurationList;
			buildConfigurations = (
				37570D021B02A6100017B07E /* Debug */,
				37570D031B02A6100017B07E /* Release */,
			);
			defaultConfigurationIsVisible = 0;
			defaultConfigurationName = Release;
		};
		E73C69E51B010EB1002E2274 /* Build configuration list for PBXAggregateTarget "Framework" */ = {
			isa = XCConfigurationList;
			buildConfigurations = (
				E73C69E61B010EB1002E2274 /* Debug */,
				E73C69E71B010EB1002E2274 /* Release */,
			);
			defaultConfigurationIsVisible = 0;
			defaultConfigurationName = Release;
		};
/* End XCConfigurationList section */
	};
	rootObject = 372275691AFEA1840038DDDD /* Project object */;
}
