// !$*UTF8*$!
{
	archiveVersion = 1;
	classes = {
	};
	objectVersion = 46;
	objects = {

/* Begin PBXBuildFile section */
		372275751AFEA1840038DDDD /* TEALAudienceStream.h in CopyFiles */ = {isa = PBXBuildFile; fileRef = 372275741AFEA1840038DDDD /* TEALAudienceStream.h */; };
		372275771AFEA1840038DDDD /* TEALAudienceStream.m in Sources */ = {isa = PBXBuildFile; fileRef = 372275761AFEA1840038DDDD /* TEALAudienceStream.m */; };
		3722757D1AFEA1840038DDDD /* libTEALAudienceStream.a in Frameworks */ = {isa = PBXBuildFile; fileRef = 372275711AFEA1840038DDDD /* libTEALAudienceStream.a */; };
/* End PBXBuildFile section */

/* Begin PBXContainerItemProxy section */
		3722757E1AFEA1840038DDDD /* PBXContainerItemProxy */ = {
			isa = PBXContainerItemProxy;
			containerPortal = 372275691AFEA1840038DDDD /* Project object */;
			proxyType = 1;
			remoteGlobalIDString = 372275701AFEA1840038DDDD;
			remoteInfo = TEALAudienceStream;
		};
/* End PBXContainerItemProxy section */

/* Begin PBXCopyFilesBuildPhase section */
		3722756F1AFEA1840038DDDD /* CopyFiles */ = {
			isa = PBXCopyFilesBuildPhase;
			buildActionMask = 2147483647;
			dstPath = "include/$(PRODUCT_NAME)";
			dstSubfolderSpec = 16;
			files = (
				372275751AFEA1840038DDDD /* TEALAudienceStream.h in CopyFiles */,
			);
			runOnlyForDeploymentPostprocessing = 0;
		};
/* End PBXCopyFilesBuildPhase section */

/* Begin PBXFileReference section */
		372275711AFEA1840038DDDD /* libTEALAudienceStream.a */ = {isa = PBXFileReference; explicitFileType = archive.ar; includeInIndex = 0; path = libTEALAudienceStream.a; sourceTree = BUILT_PRODUCTS_DIR; };
		372275741AFEA1840038DDDD /* TEALAudienceStream.h */ = {isa = PBXFileReference; lastKnownFileType = sourcecode.c.h; path = TEALAudienceStream.h; sourceTree = "<group>"; };
		372275761AFEA1840038DDDD /* TEALAudienceStream.m */ = {isa = PBXFileReference; lastKnownFileType = sourcecode.c.objc; path = TEALAudienceStream.m; sourceTree = "<group>"; };
		3722757C1AFEA1840038DDDD /* TEALAudienceStreamTests.xctest */ = {isa = PBXFileReference; explicitFileType = wrapper.cfbundle; includeInIndex = 0; path = TEALAudienceStreamTests.xctest; sourceTree = BUILT_PRODUCTS_DIR; };
		372275821AFEA1840038DDDD /* Info.plist */ = {isa = PBXFileReference; lastKnownFileType = text.plist.xml; path = Info.plist; sourceTree = "<group>"; };
/* End PBXFileReference section */

/* Begin PBXFrameworksBuildPhase section */
		3722756E1AFEA1840038DDDD /* Frameworks */ = {
			isa = PBXFrameworksBuildPhase;
			buildActionMask = 2147483647;
			files = (
			);
			runOnlyForDeploymentPostprocessing = 0;
		};
		372275791AFEA1840038DDDD /* Frameworks */ = {
			isa = PBXFrameworksBuildPhase;
			buildActionMask = 2147483647;
			files = (
				3722757D1AFEA1840038DDDD /* libTEALAudienceStream.a in Frameworks */,
			);
			runOnlyForDeploymentPostprocessing = 0;
		};
/* End PBXFrameworksBuildPhase section */

/* Begin PBXGroup section */
		372275681AFEA1840038DDDD = {
			isa = PBXGroup;
			children = (
				372275731AFEA1840038DDDD /* TEALAudienceStream */,
				372275801AFEA1840038DDDD /* TEALAudienceStreamTests */,
				372275721AFEA1840038DDDD /* Products */,
			);
			sourceTree = "<group>";
		};
		372275721AFEA1840038DDDD /* Products */ = {
			isa = PBXGroup;
			children = (
				372275711AFEA1840038DDDD /* libTEALAudienceStream.a */,
				3722757C1AFEA1840038DDDD /* TEALAudienceStreamTests.xctest */,
			);
			name = Products;
			sourceTree = "<group>";
		};
		372275731AFEA1840038DDDD /* TEALAudienceStream */ = {
			isa = PBXGroup;
			children = (
				372275741AFEA1840038DDDD /* TEALAudienceStream.h */,
				372275761AFEA1840038DDDD /* TEALAudienceStream.m */,
			);
			path = TEALAudienceStream;
			sourceTree = "<group>";
		};
		372275801AFEA1840038DDDD /* TEALAudienceStreamTests */ = {
			isa = PBXGroup;
			children = (
				372275811AFEA1840038DDDD /* Supporting Files */,
			);
			path = TEALAudienceStreamTests;
			sourceTree = "<group>";
		};
		372275811AFEA1840038DDDD /* Supporting Files */ = {
			isa = PBXGroup;
			children = (
				372275821AFEA1840038DDDD /* Info.plist */,
			);
			name = "Supporting Files";
			sourceTree = "<group>";
		};
/* End PBXGroup section */

/* Begin PBXNativeTarget section */
		372275701AFEA1840038DDDD /* TEALAudienceStream */ = {
			isa = PBXNativeTarget;
			buildConfigurationList = 372275851AFEA1840038DDDD /* Build configuration list for PBXNativeTarget "TEALAudienceStream" */;
			buildPhases = (
				3722756D1AFEA1840038DDDD /* Sources */,
				3722756E1AFEA1840038DDDD /* Frameworks */,
				3722756F1AFEA1840038DDDD /* CopyFiles */,
			);
			buildRules = (
			);
			dependencies = (
			);
			name = TEALAudienceStream;
			productName = TEALAudienceStream;
			productReference = 372275711AFEA1840038DDDD /* libTEALAudienceStream.a */;
			productType = "com.apple.product-type.library.static";
		};
		3722757B1AFEA1840038DDDD /* TEALAudienceStreamTests */ = {
			isa = PBXNativeTarget;
			buildConfigurationList = 372275881AFEA1840038DDDD /* Build configuration list for PBXNativeTarget "TEALAudienceStreamTests" */;
			buildPhases = (
				372275781AFEA1840038DDDD /* Sources */,
				372275791AFEA1840038DDDD /* Frameworks */,
				3722757A1AFEA1840038DDDD /* Resources */,
			);
			buildRules = (
			);
			dependencies = (
				3722757F1AFEA1840038DDDD /* PBXTargetDependency */,
			);
			name = TEALAudienceStreamTests;
			productName = TEALAudienceStreamTests;
			productReference = 3722757C1AFEA1840038DDDD /* TEALAudienceStreamTests.xctest */;
			productType = "com.apple.product-type.bundle.unit-test";
		};
/* End PBXNativeTarget section */

/* Begin PBXProject section */
		372275691AFEA1840038DDDD /* Project object */ = {
			isa = PBXProject;
			attributes = {
				LastUpgradeCheck = 0630;
				ORGANIZATIONNAME = "Tealium Inc.";
				TargetAttributes = {
					372275701AFEA1840038DDDD = {
						CreatedOnToolsVersion = 6.3.1;
					};
					3722757B1AFEA1840038DDDD = {
						CreatedOnToolsVersion = 6.3.1;
					};
				};
			};
			buildConfigurationList = 3722756C1AFEA1840038DDDD /* Build configuration list for PBXProject "TEALAudienceStream" */;
			compatibilityVersion = "Xcode 3.2";
			developmentRegion = English;
			hasScannedForEncodings = 0;
			knownRegions = (
				en,
			);
			mainGroup = 372275681AFEA1840038DDDD;
			productRefGroup = 372275721AFEA1840038DDDD /* Products */;
			projectDirPath = "";
			projectRoot = "";
			targets = (
				372275701AFEA1840038DDDD /* TEALAudienceStream */,
				3722757B1AFEA1840038DDDD /* TEALAudienceStreamTests */,
			);
		};
/* End PBXProject section */

/* Begin PBXResourcesBuildPhase section */
		3722757A1AFEA1840038DDDD /* Resources */ = {
			isa = PBXResourcesBuildPhase;
			buildActionMask = 2147483647;
			files = (
			);
			runOnlyForDeploymentPostprocessing = 0;
		};
/* End PBXResourcesBuildPhase section */

/* Begin PBXSourcesBuildPhase section */
		3722756D1AFEA1840038DDDD /* Sources */ = {
			isa = PBXSourcesBuildPhase;
			buildActionMask = 2147483647;
			files = (
				372275771AFEA1840038DDDD /* TEALAudienceStream.m in Sources */,
			);
			runOnlyForDeploymentPostprocessing = 0;
		};
		372275781AFEA1840038DDDD /* Sources */ = {
			isa = PBXSourcesBuildPhase;
			buildActionMask = 2147483647;
			files = (
			);
			runOnlyForDeploymentPostprocessing = 0;
		};
/* End PBXSourcesBuildPhase section */

/* Begin PBXTargetDependency section */
		3722757F1AFEA1840038DDDD /* PBXTargetDependency */ = {
			isa = PBXTargetDependency;
			target = 372275701AFEA1840038DDDD /* TEALAudienceStream */;
			targetProxy = 3722757E1AFEA1840038DDDD /* PBXContainerItemProxy */;
		};
/* End PBXTargetDependency section */

/* Begin XCBuildConfiguration section */
		372275831AFEA1840038DDDD /* Debug */ = {
			isa = XCBuildConfiguration;
			buildSettings = {
				ALWAYS_SEARCH_USER_PATHS = NO;
				CLANG_CXX_LANGUAGE_STANDARD = "gnu++0x";
				CLANG_CXX_LIBRARY = "libc++";
				CLANG_ENABLE_MODULES = YES;
				CLANG_ENABLE_OBJC_ARC = YES;
				CLANG_WARN_BOOL_CONVERSION = YES;
				CLANG_WARN_CONSTANT_CONVERSION = YES;
				CLANG_WARN_DIRECT_OBJC_ISA_USAGE = YES_ERROR;
				CLANG_WARN_EMPTY_BODY = YES;
				CLANG_WARN_ENUM_CONVERSION = YES;
				CLANG_WARN_INT_CONVERSION = YES;
				CLANG_WARN_OBJC_ROOT_CLASS = YES_ERROR;
				CLANG_WARN_UNREACHABLE_CODE = YES;
				CLANG_WARN__DUPLICATE_METHOD_MATCH = YES;
				COPY_PHASE_STRIP = NO;
				DEBUG_INFORMATION_FORMAT = "dwarf-with-dsym";
				ENABLE_STRICT_OBJC_MSGSEND = YES;
				GCC_C_LANGUAGE_STANDARD = gnu99;
				GCC_DYNAMIC_NO_PIC = NO;
				GCC_NO_COMMON_BLOCKS = YES;
				GCC_OPTIMIZATION_LEVEL = 0;
				GCC_PREPROCESSOR_DEFINITIONS = (
					"DEBUG=1",
					"$(inherited)",
				);
				GCC_SYMBOLS_PRIVATE_EXTERN = NO;
				GCC_WARN_64_TO_32_BIT_CONVERSION = YES;
				GCC_WARN_ABOUT_RETURN_TYPE = YES_ERROR;
				GCC_WARN_UNDECLARED_SELECTOR = YES;
				GCC_WARN_UNINITIALIZED_AUTOS = YES_AGGRESSIVE;
				GCC_WARN_UNUSED_FUNCTION = YES;
				GCC_WARN_UNUSED_VARIABLE = YES;
				IPHONEOS_DEPLOYMENT_TARGET = 8.3;
				MTL_ENABLE_DEBUG_INFO = YES;
				ONLY_ACTIVE_ARCH = YES;
				SDKROOT = iphoneos;
			};
			name = Debug;
		};
		372275841AFEA1840038DDDD /* Release */ = {
			isa = XCBuildConfiguration;
			buildSettings = {
				ALWAYS_SEARCH_USER_PATHS = NO;
				CLANG_CXX_LANGUAGE_STANDARD = "gnu++0x";
				CLANG_CXX_LIBRARY = "libc++";
				CLANG_ENABLE_MODULES = YES;
				CLANG_ENABLE_OBJC_ARC = YES;
				CLANG_WARN_BOOL_CONVERSION = YES;
				CLANG_WARN_CONSTANT_CONVERSION = YES;
				CLANG_WARN_DIRECT_OBJC_ISA_USAGE = YES_ERROR;
				CLANG_WARN_EMPTY_BODY = YES;
				CLANG_WARN_ENUM_CONVERSION = YES;
				CLANG_WARN_INT_CONVERSION = YES;
				CLANG_WARN_OBJC_ROOT_CLASS = YES_ERROR;
				CLANG_WARN_UNREACHABLE_CODE = YES;
				CLANG_WARN__DUPLICATE_METHOD_MATCH = YES;
				COPY_PHASE_STRIP = NO;
				DEBUG_INFORMATION_FORMAT = "dwarf-with-dsym";
				ENABLE_NS_ASSERTIONS = NO;
				ENABLE_STRICT_OBJC_MSGSEND = YES;
				GCC_C_LANGUAGE_STANDARD = gnu99;
				GCC_NO_COMMON_BLOCKS = YES;
				GCC_WARN_64_TO_32_BIT_CONVERSION = YES;
				GCC_WARN_ABOUT_RETURN_TYPE = YES_ERROR;
				GCC_WARN_UNDECLARED_SELECTOR = YES;
				GCC_WARN_UNINITIALIZED_AUTOS = YES_AGGRESSIVE;
				GCC_WARN_UNUSED_FUNCTION = YES;
				GCC_WARN_UNUSED_VARIABLE = YES;
				IPHONEOS_DEPLOYMENT_TARGET = 8.3;
				MTL_ENABLE_DEBUG_INFO = NO;
				SDKROOT = iphoneos;
				VALIDATE_PRODUCT = YES;
			};
			name = Release;
		};
		372275861AFEA1840038DDDD /* Debug */ = {
			isa = XCBuildConfiguration;
			buildSettings = {
				OTHER_LDFLAGS = "-ObjC";
				PRODUCT_NAME = "$(TARGET_NAME)";
				SKIP_INSTALL = YES;
			};
			name = Debug;
		};
		372275871AFEA1840038DDDD /* Release */ = {
			isa = XCBuildConfiguration;
			buildSettings = {
				OTHER_LDFLAGS = "-ObjC";
				PRODUCT_NAME = "$(TARGET_NAME)";
				SKIP_INSTALL = YES;
			};
			name = Release;
		};
		372275891AFEA1840038DDDD /* Debug */ = {
			isa = XCBuildConfiguration;
			buildSettings = {
				"CODE_SIGN_IDENTITY[sdk=iphoneos*]" = "iPhone Developer";
				FRAMEWORK_SEARCH_PATHS = (
					"$(SDKROOT)/Developer/Library/Frameworks",
					"$(inherited)",
				);
				GCC_PREPROCESSOR_DEFINITIONS = (
					"DEBUG=1",
					"$(inherited)",
				);
				INFOPLIST_FILE = TEALAudienceStreamTests/Info.plist;
				LD_RUNPATH_SEARCH_PATHS = "$(inherited) @executable_path/Frameworks @loader_path/Frameworks";
				PRODUCT_NAME = "$(TARGET_NAME)";
			};
			name = Debug;
		};
		3722758A1AFEA1840038DDDD /* Release */ = {
			isa = XCBuildConfiguration;
			buildSettings = {
				"CODE_SIGN_IDENTITY[sdk=iphoneos*]" = "iPhone Developer";
				FRAMEWORK_SEARCH_PATHS = (
					"$(SDKROOT)/Developer/Library/Frameworks",
					"$(inherited)",
				);
				INFOPLIST_FILE = TEALAudienceStreamTests/Info.plist;
				LD_RUNPATH_SEARCH_PATHS = "$(inherited) @executable_path/Frameworks @loader_path/Frameworks";
				PRODUCT_NAME = "$(TARGET_NAME)";
			};
			name = Release;
		};
/* End XCBuildConfiguration section */

/* Begin XCConfigurationList section */
		3722756C1AFEA1840038DDDD /* Build configuration list for PBXProject "TEALAudienceStream" */ = {
			isa = XCConfigurationList;
			buildConfigurations = (
				372275831AFEA1840038DDDD /* Debug */,
				372275841AFEA1840038DDDD /* Release */,
			);
			defaultConfigurationIsVisible = 0;
			defaultConfigurationName = Release;
		};
		372275851AFEA1840038DDDD /* Build configuration list for PBXNativeTarget "TEALAudienceStream" */ = {
			isa = XCConfigurationList;
			buildConfigurations = (
				372275861AFEA1840038DDDD /* Debug */,
				372275871AFEA1840038DDDD /* Release */,
			);
			defaultConfigurationIsVisible = 0;
		};
		372275881AFEA1840038DDDD /* Build configuration list for PBXNativeTarget "TEALAudienceStreamTests" */ = {
			isa = XCConfigurationList;
			buildConfigurations = (
				372275891AFEA1840038DDDD /* Debug */,
				3722758A1AFEA1840038DDDD /* Release */,
			);
			defaultConfigurationIsVisible = 0;
		};
/* End XCConfigurationList section */
	};
	rootObject = 372275691AFEA1840038DDDD /* Project object */;
}
